
Microsoft Visual Studio Solution File, Format Version 12.00
# Visual Studio Version 16
VisualStudioVersion = 16.0.29123.88
MinimumVisualStudioVersion = 10.0.40219.1
Project("{8BC9CEB8-8B4A-11D0-8D11-00A0C91BC942}") = "001-HelloGameCodingWorld", "001-HelloGameCodingWorld\001-HelloGameCodingWorld.vcxproj", "{988A95A2-B140-491E-BB9C-3C4729D9B745}"
EndProject
Project("{8BC9CEB8-8B4A-11D0-8D11-00A0C91BC942}") = "002-Variable", "002-Variable\002-Variable.vcxproj", "{A666D373-E07F-4708-BAD0-50372304EAF9}"
EndProject
Project("{8BC9CEB8-8B4A-11D0-8D11-00A0C91BC942}") = "003-EqualReal", "003-EqualReal\003-EqualReal.vcxproj", "{51EB557B-47AF-44F3-BA9B-549D40D7698C}"
EndProject
Project("{8BC9CEB8-8B4A-11D0-8D11-00A0C91BC942}") = "004-CharAndString", "004-CharAndString\004-CharAndString.vcxproj", "{26174B80-1AB3-4BC9-B5A7-EF844A59A419}"
EndProject
Project("{8BC9CEB8-8B4A-11D0-8D11-00A0C91BC942}") = "005-Random", "005-Random\005-Random.vcxproj", "{1DF32541-D699-49B5-81FA-55E4FB13E2AE}"
EndProject
Project("{8BC9CEB8-8B4A-11D0-8D11-00A0C91BC942}") = "006-Project-BattleSimulator", "006-Project-BattleSimulator\006-Project-BattleSimulator.vcxproj", "{4C3ABD31-1532-4FE8-9D0D-98DBD6AAE2AE}"
EndProject
Project("{8BC9CEB8-8B4A-11D0-8D11-00A0C91BC942}") = "007-Array", "007-Array\007-Array.vcxproj", "{5B220D54-31B4-4665-A7E1-D2A9D90D8448}"
EndProject
Project("{8BC9CEB8-8B4A-11D0-8D11-00A0C91BC942}") = "008-Const", "008-Const\008-Const.vcxproj", "{1233E6C3-0620-45AD-8DD1-99796CCD43EC}"
EndProject
Project("{8BC9CEB8-8B4A-11D0-8D11-00A0C91BC942}") = "009-Reference", "009-Reference\009-Reference.vcxproj", "{16244609-C1AF-45AC-A1C1-25F16A35F5BF}"
EndProject
Project("{8BC9CEB8-8B4A-11D0-8D11-00A0C91BC942}") = "010-Function", "010-Function\010-Function.vcxproj", "{103FBB4F-A333-40D5-9632-7529E949C7D1}"
EndProject
Project("{8BC9CEB8-8B4A-11D0-8D11-00A0C91BC942}") = "011-Project-MiscellaneousShop", "011-Project-MiscellaneousShop\011-Project-MiscellaneousShop.vcxproj", "{F1885F1F-6C6E-4D37-9F0B-EC159E031DD1}"
EndProject
Project("{8BC9CEB8-8B4A-11D0-8D11-00A0C91BC942}") = "012-Template", "012-Template\012-Template.vcxproj", "{C9DC157E-7333-40FD-9FDA-66F59DA15E86}"
EndProject
Project("{8BC9CEB8-8B4A-11D0-8D11-00A0C91BC942}") = "013-VariadicTemplate", "013-VariadicTemplate\013-VariadicTemplate.vcxproj", "{E3C464C1-FAA1-418C-A50B-6CE369898543}"
EndProject
Project("{8BC9CEB8-8B4A-11D0-8D11-00A0C91BC942}") = "014-STL_Container", "014-STL_Container\014-STL_Container.vcxproj", "{57FF6077-65E1-4436-93DE-5384A7C7D4CC}"
EndProject
Project("{8BC9CEB8-8B4A-11D0-8D11-00A0C91BC942}") = "015-Project-MiscellaneousShop2", "015-Project-MiscellaneousShop2\015-Project-MiscellaneousShop2.vcxproj", "{83D99998-DF37-464D-84A2-46009AD61FBD}"
EndProject
Project("{8BC9CEB8-8B4A-11D0-8D11-00A0C91BC942}") = "016-Pointer", "016-Pointer\016-Pointer.vcxproj", "{45ADC2B5-41AE-499A-A4D9-33A6D678EFFE}"
EndProject
Project("{8BC9CEB8-8B4A-11D0-8D11-00A0C91BC942}") = "017-SmartPointer", "017-SmartPointer\017-SmartPointer.vcxproj", "{31AAADAA-2CEA-48E3-80A1-C0A69802374C}"
EndProject
Project("{8BC9CEB8-8B4A-11D0-8D11-00A0C91BC942}") = "018-Enum", "018-Enum\018-Enum.vcxproj", "{A3B5B5A8-326A-4BF8-B37E-EA7654CD29C2}"
EndProject
Project("{8BC9CEB8-8B4A-11D0-8D11-00A0C91BC942}") = "019-Project-DialogueTree", "019-Project-DialogueTree\019-Project-DialogueTree.vcxproj", "{9A94E09D-A89D-46A0-80F0-8290759430A6}"
EndProject
Project("{8BC9CEB8-8B4A-11D0-8D11-00A0C91BC942}") = "020-Class", "020-Class\020-Class.vcxproj", "{989DD25A-BCC1-4651-875B-AA628BA70A08}"
EndProject
Project("{8BC9CEB8-8B4A-11D0-8D11-00A0C91BC942}") = "021-ClassMacro", "021-ClassMacro\021-ClassMacro.vcxproj", "{65789AA6-012F-4659-BDAC-7C9AD53EC509}"
EndProject
Project("{8BC9CEB8-8B4A-11D0-8D11-00A0C91BC942}") = "022-Interface", "022-Interface\022-Interface.vcxproj", "{FCD645B7-5AB7-44DB-8F1A-A99B6D9EDD1D}"
EndProject
Project("{8BC9CEB8-8B4A-11D0-8D11-00A0C91BC942}") = "023-Project-ChangeToClass", "023-Project-ChangeToClass\023-Project-ChangeToClass.vcxproj", "{A621CC99-F0A1-4540-B096-57F363799410}"
EndProject
Project("{8BC9CEB8-8B4A-11D0-8D11-00A0C91BC942}") = "024-SRP", "024-SRP\024-SRP.vcxproj", "{EBA59763-507A-444E-813C-519CA67F6C83}"
EndProject
Project("{8BC9CEB8-8B4A-11D0-8D11-00A0C91BC942}") = "025-OCP", "025-OCP\025-OCP.vcxproj", "{A38161C1-85EE-419D-A103-15B7DFEF4555}"
EndProject
Project("{8BC9CEB8-8B4A-11D0-8D11-00A0C91BC942}") = "026-LSP", "026-LSP\026-LSP.vcxproj", "{2B09FD53-E2FB-4C99-BEA3-2D7CE5F20C8B}"
EndProject
Project("{8BC9CEB8-8B4A-11D0-8D11-00A0C91BC942}") = "027-ISP", "027-ISP\027-ISP.vcxproj", "{E7C770D4-3DE2-4AA0-8682-8196A68B149A}"
EndProject
Project("{8BC9CEB8-8B4A-11D0-8D11-00A0C91BC942}") = "028-DIP", "028-DIP\028-DIP.vcxproj", "{DDE60D2C-53CD-4569-8416-E61782FA51F7}"
EndProject
Project("{8BC9CEB8-8B4A-11D0-8D11-00A0C91BC942}") = "029-Singleton", "029-Singleton\029-Singleton.vcxproj", "{99158992-D95C-407E-90C8-BD1441A85D66}"
EndProject
Project("{8BC9CEB8-8B4A-11D0-8D11-00A0C91BC942}") = "030-FactoryMethod", "030-FactoryMethod\030-FactoryMethod.vcxproj", "{087D5BB2-2425-4C8D-8311-A47094721B96}"
EndProject
Project("{8BC9CEB8-8B4A-11D0-8D11-00A0C91BC942}") = "031-AbstractFactory", "031-AbstractFactory\031-AbstractFactory.vcxproj", "{25DE148B-C409-414A-988A-B15E028F7DC2}"
EndProject
Project("{8BC9CEB8-8B4A-11D0-8D11-00A0C91BC942}") = "032-Prototype", "032-Prototype\032-Prototype.vcxproj", "{B9945837-98AD-42D3-8A87-48C3FE8C8AF2}"
EndProject
Project("{8BC9CEB8-8B4A-11D0-8D11-00A0C91BC942}") = "033-Builder", "033-Builder\033-Builder.vcxproj", "{1ACB007E-1FA2-42C9-B722-05FF48C503F9}"
EndProject
Project("{8BC9CEB8-8B4A-11D0-8D11-00A0C91BC942}") = "034-Adapter", "034-Adapter\034-Adapter.vcxproj", "{E6AD5F74-636F-49D5-9D90-096A97EA37A0}"
EndProject
Project("{8BC9CEB8-8B4A-11D0-8D11-00A0C91BC942}") = "035-Bridge", "035-Bridge\035-Bridge.vcxproj", "{AD25DD0C-1C40-4DB3-BD12-E98FE422BB4E}"
EndProject
Project("{8BC9CEB8-8B4A-11D0-8D11-00A0C91BC942}") = "036-Composite", "036-Composite\036-Composite.vcxproj", "{01D0E41E-2C4F-476A-B1DA-1D01381D5AB9}"
EndProject
Project("{8BC9CEB8-8B4A-11D0-8D11-00A0C91BC942}") = "037-Decorator", "037-Decorator\037-Decorator.vcxproj", "{EAE421ED-5922-46B2-854A-0E53705AAC8D}"
EndProject
Global
	GlobalSection(SolutionConfigurationPlatforms) = preSolution
		Debug|x64 = Debug|x64
		Debug|x86 = Debug|x86
		DebugBuild|x64 = DebugBuild|x64
		DebugBuild|x86 = DebugBuild|x86
		Release|x64 = Release|x64
		Release|x86 = Release|x86
		ReleaseBuild|x64 = ReleaseBuild|x64
		ReleaseBuild|x86 = ReleaseBuild|x86
	EndGlobalSection
	GlobalSection(ProjectConfigurationPlatforms) = postSolution
		{988A95A2-B140-491E-BB9C-3C4729D9B745}.Debug|x64.ActiveCfg = Debug|x64
		{988A95A2-B140-491E-BB9C-3C4729D9B745}.Debug|x64.Build.0 = Debug|x64
		{988A95A2-B140-491E-BB9C-3C4729D9B745}.Debug|x86.ActiveCfg = Debug|Win32
		{988A95A2-B140-491E-BB9C-3C4729D9B745}.Debug|x86.Build.0 = Debug|Win32
		{988A95A2-B140-491E-BB9C-3C4729D9B745}.DebugBuild|x64.ActiveCfg = Debug|x64
		{988A95A2-B140-491E-BB9C-3C4729D9B745}.DebugBuild|x64.Build.0 = Debug|x64
		{988A95A2-B140-491E-BB9C-3C4729D9B745}.DebugBuild|x86.ActiveCfg = Debug|Win32
		{988A95A2-B140-491E-BB9C-3C4729D9B745}.DebugBuild|x86.Build.0 = Debug|Win32
		{988A95A2-B140-491E-BB9C-3C4729D9B745}.Release|x64.ActiveCfg = Release|x64
		{988A95A2-B140-491E-BB9C-3C4729D9B745}.Release|x64.Build.0 = Release|x64
		{988A95A2-B140-491E-BB9C-3C4729D9B745}.Release|x86.ActiveCfg = Release|Win32
		{988A95A2-B140-491E-BB9C-3C4729D9B745}.Release|x86.Build.0 = Release|Win32
		{988A95A2-B140-491E-BB9C-3C4729D9B745}.ReleaseBuild|x64.ActiveCfg = Release|x64
		{988A95A2-B140-491E-BB9C-3C4729D9B745}.ReleaseBuild|x64.Build.0 = Release|x64
		{988A95A2-B140-491E-BB9C-3C4729D9B745}.ReleaseBuild|x86.ActiveCfg = Release|Win32
		{988A95A2-B140-491E-BB9C-3C4729D9B745}.ReleaseBuild|x86.Build.0 = Release|Win32
		{A666D373-E07F-4708-BAD0-50372304EAF9}.Debug|x64.ActiveCfg = Debug|x64
		{A666D373-E07F-4708-BAD0-50372304EAF9}.Debug|x64.Build.0 = Debug|x64
		{A666D373-E07F-4708-BAD0-50372304EAF9}.Debug|x86.ActiveCfg = Debug|Win32
		{A666D373-E07F-4708-BAD0-50372304EAF9}.Debug|x86.Build.0 = Debug|Win32
		{A666D373-E07F-4708-BAD0-50372304EAF9}.DebugBuild|x64.ActiveCfg = Debug|x64
		{A666D373-E07F-4708-BAD0-50372304EAF9}.DebugBuild|x64.Build.0 = Debug|x64
		{A666D373-E07F-4708-BAD0-50372304EAF9}.DebugBuild|x86.ActiveCfg = Debug|Win32
		{A666D373-E07F-4708-BAD0-50372304EAF9}.DebugBuild|x86.Build.0 = Debug|Win32
		{A666D373-E07F-4708-BAD0-50372304EAF9}.Release|x64.ActiveCfg = Release|x64
		{A666D373-E07F-4708-BAD0-50372304EAF9}.Release|x64.Build.0 = Release|x64
		{A666D373-E07F-4708-BAD0-50372304EAF9}.Release|x86.ActiveCfg = Release|Win32
		{A666D373-E07F-4708-BAD0-50372304EAF9}.Release|x86.Build.0 = Release|Win32
		{A666D373-E07F-4708-BAD0-50372304EAF9}.ReleaseBuild|x64.ActiveCfg = Release|x64
		{A666D373-E07F-4708-BAD0-50372304EAF9}.ReleaseBuild|x64.Build.0 = Release|x64
		{A666D373-E07F-4708-BAD0-50372304EAF9}.ReleaseBuild|x86.ActiveCfg = Release|Win32
		{A666D373-E07F-4708-BAD0-50372304EAF9}.ReleaseBuild|x86.Build.0 = Release|Win32
		{51EB557B-47AF-44F3-BA9B-549D40D7698C}.Debug|x64.ActiveCfg = Debug|x64
		{51EB557B-47AF-44F3-BA9B-549D40D7698C}.Debug|x64.Build.0 = Debug|x64
		{51EB557B-47AF-44F3-BA9B-549D40D7698C}.Debug|x86.ActiveCfg = Debug|Win32
		{51EB557B-47AF-44F3-BA9B-549D40D7698C}.Debug|x86.Build.0 = Debug|Win32
		{51EB557B-47AF-44F3-BA9B-549D40D7698C}.DebugBuild|x64.ActiveCfg = Debug|x64
		{51EB557B-47AF-44F3-BA9B-549D40D7698C}.DebugBuild|x64.Build.0 = Debug|x64
		{51EB557B-47AF-44F3-BA9B-549D40D7698C}.DebugBuild|x86.ActiveCfg = Debug|Win32
		{51EB557B-47AF-44F3-BA9B-549D40D7698C}.DebugBuild|x86.Build.0 = Debug|Win32
		{51EB557B-47AF-44F3-BA9B-549D40D7698C}.Release|x64.ActiveCfg = Release|x64
		{51EB557B-47AF-44F3-BA9B-549D40D7698C}.Release|x64.Build.0 = Release|x64
		{51EB557B-47AF-44F3-BA9B-549D40D7698C}.Release|x86.ActiveCfg = Release|Win32
		{51EB557B-47AF-44F3-BA9B-549D40D7698C}.Release|x86.Build.0 = Release|Win32
		{51EB557B-47AF-44F3-BA9B-549D40D7698C}.ReleaseBuild|x64.ActiveCfg = Release|x64
		{51EB557B-47AF-44F3-BA9B-549D40D7698C}.ReleaseBuild|x64.Build.0 = Release|x64
		{51EB557B-47AF-44F3-BA9B-549D40D7698C}.ReleaseBuild|x86.ActiveCfg = Release|Win32
		{51EB557B-47AF-44F3-BA9B-549D40D7698C}.ReleaseBuild|x86.Build.0 = Release|Win32
		{26174B80-1AB3-4BC9-B5A7-EF844A59A419}.Debug|x64.ActiveCfg = Debug|x64
		{26174B80-1AB3-4BC9-B5A7-EF844A59A419}.Debug|x64.Build.0 = Debug|x64
		{26174B80-1AB3-4BC9-B5A7-EF844A59A419}.Debug|x86.ActiveCfg = Debug|Win32
		{26174B80-1AB3-4BC9-B5A7-EF844A59A419}.Debug|x86.Build.0 = Debug|Win32
		{26174B80-1AB3-4BC9-B5A7-EF844A59A419}.DebugBuild|x64.ActiveCfg = Debug|x64
		{26174B80-1AB3-4BC9-B5A7-EF844A59A419}.DebugBuild|x64.Build.0 = Debug|x64
		{26174B80-1AB3-4BC9-B5A7-EF844A59A419}.DebugBuild|x86.ActiveCfg = Debug|Win32
		{26174B80-1AB3-4BC9-B5A7-EF844A59A419}.DebugBuild|x86.Build.0 = Debug|Win32
		{26174B80-1AB3-4BC9-B5A7-EF844A59A419}.Release|x64.ActiveCfg = Release|x64
		{26174B80-1AB3-4BC9-B5A7-EF844A59A419}.Release|x64.Build.0 = Release|x64
		{26174B80-1AB3-4BC9-B5A7-EF844A59A419}.Release|x86.ActiveCfg = Release|Win32
		{26174B80-1AB3-4BC9-B5A7-EF844A59A419}.Release|x86.Build.0 = Release|Win32
		{26174B80-1AB3-4BC9-B5A7-EF844A59A419}.ReleaseBuild|x64.ActiveCfg = Release|x64
		{26174B80-1AB3-4BC9-B5A7-EF844A59A419}.ReleaseBuild|x64.Build.0 = Release|x64
		{26174B80-1AB3-4BC9-B5A7-EF844A59A419}.ReleaseBuild|x86.ActiveCfg = Release|Win32
		{26174B80-1AB3-4BC9-B5A7-EF844A59A419}.ReleaseBuild|x86.Build.0 = Release|Win32
		{1DF32541-D699-49B5-81FA-55E4FB13E2AE}.Debug|x64.ActiveCfg = Debug|x64
		{1DF32541-D699-49B5-81FA-55E4FB13E2AE}.Debug|x64.Build.0 = Debug|x64
		{1DF32541-D699-49B5-81FA-55E4FB13E2AE}.Debug|x86.ActiveCfg = Debug|Win32
		{1DF32541-D699-49B5-81FA-55E4FB13E2AE}.Debug|x86.Build.0 = Debug|Win32
		{1DF32541-D699-49B5-81FA-55E4FB13E2AE}.DebugBuild|x64.ActiveCfg = Debug|x64
		{1DF32541-D699-49B5-81FA-55E4FB13E2AE}.DebugBuild|x64.Build.0 = Debug|x64
		{1DF32541-D699-49B5-81FA-55E4FB13E2AE}.DebugBuild|x86.ActiveCfg = Debug|Win32
		{1DF32541-D699-49B5-81FA-55E4FB13E2AE}.DebugBuild|x86.Build.0 = Debug|Win32
		{1DF32541-D699-49B5-81FA-55E4FB13E2AE}.Release|x64.ActiveCfg = Release|x64
		{1DF32541-D699-49B5-81FA-55E4FB13E2AE}.Release|x64.Build.0 = Release|x64
		{1DF32541-D699-49B5-81FA-55E4FB13E2AE}.Release|x86.ActiveCfg = Release|Win32
		{1DF32541-D699-49B5-81FA-55E4FB13E2AE}.Release|x86.Build.0 = Release|Win32
		{1DF32541-D699-49B5-81FA-55E4FB13E2AE}.ReleaseBuild|x64.ActiveCfg = Release|x64
		{1DF32541-D699-49B5-81FA-55E4FB13E2AE}.ReleaseBuild|x64.Build.0 = Release|x64
		{1DF32541-D699-49B5-81FA-55E4FB13E2AE}.ReleaseBuild|x86.ActiveCfg = Release|Win32
		{1DF32541-D699-49B5-81FA-55E4FB13E2AE}.ReleaseBuild|x86.Build.0 = Release|Win32
		{4C3ABD31-1532-4FE8-9D0D-98DBD6AAE2AE}.Debug|x64.ActiveCfg = Debug|x64
		{4C3ABD31-1532-4FE8-9D0D-98DBD6AAE2AE}.Debug|x64.Build.0 = Debug|x64
		{4C3ABD31-1532-4FE8-9D0D-98DBD6AAE2AE}.Debug|x86.ActiveCfg = Debug|Win32
		{4C3ABD31-1532-4FE8-9D0D-98DBD6AAE2AE}.Debug|x86.Build.0 = Debug|Win32
		{4C3ABD31-1532-4FE8-9D0D-98DBD6AAE2AE}.DebugBuild|x64.ActiveCfg = Debug|x64
		{4C3ABD31-1532-4FE8-9D0D-98DBD6AAE2AE}.DebugBuild|x64.Build.0 = Debug|x64
		{4C3ABD31-1532-4FE8-9D0D-98DBD6AAE2AE}.DebugBuild|x86.ActiveCfg = Debug|Win32
		{4C3ABD31-1532-4FE8-9D0D-98DBD6AAE2AE}.DebugBuild|x86.Build.0 = Debug|Win32
		{4C3ABD31-1532-4FE8-9D0D-98DBD6AAE2AE}.Release|x64.ActiveCfg = Release|x64
		{4C3ABD31-1532-4FE8-9D0D-98DBD6AAE2AE}.Release|x64.Build.0 = Release|x64
		{4C3ABD31-1532-4FE8-9D0D-98DBD6AAE2AE}.Release|x86.ActiveCfg = Release|Win32
		{4C3ABD31-1532-4FE8-9D0D-98DBD6AAE2AE}.Release|x86.Build.0 = Release|Win32
		{4C3ABD31-1532-4FE8-9D0D-98DBD6AAE2AE}.ReleaseBuild|x64.ActiveCfg = Release|x64
		{4C3ABD31-1532-4FE8-9D0D-98DBD6AAE2AE}.ReleaseBuild|x64.Build.0 = Release|x64
		{4C3ABD31-1532-4FE8-9D0D-98DBD6AAE2AE}.ReleaseBuild|x86.ActiveCfg = Release|Win32
		{4C3ABD31-1532-4FE8-9D0D-98DBD6AAE2AE}.ReleaseBuild|x86.Build.0 = Release|Win32
		{5B220D54-31B4-4665-A7E1-D2A9D90D8448}.Debug|x64.ActiveCfg = Debug|x64
		{5B220D54-31B4-4665-A7E1-D2A9D90D8448}.Debug|x64.Build.0 = Debug|x64
		{5B220D54-31B4-4665-A7E1-D2A9D90D8448}.Debug|x86.ActiveCfg = Debug|Win32
		{5B220D54-31B4-4665-A7E1-D2A9D90D8448}.Debug|x86.Build.0 = Debug|Win32
		{5B220D54-31B4-4665-A7E1-D2A9D90D8448}.DebugBuild|x64.ActiveCfg = Debug|x64
		{5B220D54-31B4-4665-A7E1-D2A9D90D8448}.DebugBuild|x64.Build.0 = Debug|x64
		{5B220D54-31B4-4665-A7E1-D2A9D90D8448}.DebugBuild|x86.ActiveCfg = Debug|Win32
		{5B220D54-31B4-4665-A7E1-D2A9D90D8448}.DebugBuild|x86.Build.0 = Debug|Win32
		{5B220D54-31B4-4665-A7E1-D2A9D90D8448}.Release|x64.ActiveCfg = Release|x64
		{5B220D54-31B4-4665-A7E1-D2A9D90D8448}.Release|x64.Build.0 = Release|x64
		{5B220D54-31B4-4665-A7E1-D2A9D90D8448}.Release|x86.ActiveCfg = Release|Win32
		{5B220D54-31B4-4665-A7E1-D2A9D90D8448}.Release|x86.Build.0 = Release|Win32
		{5B220D54-31B4-4665-A7E1-D2A9D90D8448}.ReleaseBuild|x64.ActiveCfg = Release|x64
		{5B220D54-31B4-4665-A7E1-D2A9D90D8448}.ReleaseBuild|x64.Build.0 = Release|x64
		{5B220D54-31B4-4665-A7E1-D2A9D90D8448}.ReleaseBuild|x86.ActiveCfg = Release|Win32
		{5B220D54-31B4-4665-A7E1-D2A9D90D8448}.ReleaseBuild|x86.Build.0 = Release|Win32
		{1233E6C3-0620-45AD-8DD1-99796CCD43EC}.Debug|x64.ActiveCfg = Debug|x64
		{1233E6C3-0620-45AD-8DD1-99796CCD43EC}.Debug|x64.Build.0 = Debug|x64
		{1233E6C3-0620-45AD-8DD1-99796CCD43EC}.Debug|x86.ActiveCfg = Debug|Win32
		{1233E6C3-0620-45AD-8DD1-99796CCD43EC}.Debug|x86.Build.0 = Debug|Win32
		{1233E6C3-0620-45AD-8DD1-99796CCD43EC}.DebugBuild|x64.ActiveCfg = Debug|x64
		{1233E6C3-0620-45AD-8DD1-99796CCD43EC}.DebugBuild|x64.Build.0 = Debug|x64
		{1233E6C3-0620-45AD-8DD1-99796CCD43EC}.DebugBuild|x86.ActiveCfg = Debug|Win32
		{1233E6C3-0620-45AD-8DD1-99796CCD43EC}.DebugBuild|x86.Build.0 = Debug|Win32
		{1233E6C3-0620-45AD-8DD1-99796CCD43EC}.Release|x64.ActiveCfg = Release|x64
		{1233E6C3-0620-45AD-8DD1-99796CCD43EC}.Release|x64.Build.0 = Release|x64
		{1233E6C3-0620-45AD-8DD1-99796CCD43EC}.Release|x86.ActiveCfg = Release|Win32
		{1233E6C3-0620-45AD-8DD1-99796CCD43EC}.Release|x86.Build.0 = Release|Win32
		{1233E6C3-0620-45AD-8DD1-99796CCD43EC}.ReleaseBuild|x64.ActiveCfg = Release|x64
		{1233E6C3-0620-45AD-8DD1-99796CCD43EC}.ReleaseBuild|x64.Build.0 = Release|x64
		{1233E6C3-0620-45AD-8DD1-99796CCD43EC}.ReleaseBuild|x86.ActiveCfg = Release|Win32
		{1233E6C3-0620-45AD-8DD1-99796CCD43EC}.ReleaseBuild|x86.Build.0 = Release|Win32
		{16244609-C1AF-45AC-A1C1-25F16A35F5BF}.Debug|x64.ActiveCfg = Debug|x64
		{16244609-C1AF-45AC-A1C1-25F16A35F5BF}.Debug|x64.Build.0 = Debug|x64
		{16244609-C1AF-45AC-A1C1-25F16A35F5BF}.Debug|x86.ActiveCfg = Debug|Win32
		{16244609-C1AF-45AC-A1C1-25F16A35F5BF}.Debug|x86.Build.0 = Debug|Win32
		{16244609-C1AF-45AC-A1C1-25F16A35F5BF}.DebugBuild|x64.ActiveCfg = Debug|x64
		{16244609-C1AF-45AC-A1C1-25F16A35F5BF}.DebugBuild|x64.Build.0 = Debug|x64
		{16244609-C1AF-45AC-A1C1-25F16A35F5BF}.DebugBuild|x86.ActiveCfg = Debug|Win32
		{16244609-C1AF-45AC-A1C1-25F16A35F5BF}.DebugBuild|x86.Build.0 = Debug|Win32
		{16244609-C1AF-45AC-A1C1-25F16A35F5BF}.Release|x64.ActiveCfg = Release|x64
		{16244609-C1AF-45AC-A1C1-25F16A35F5BF}.Release|x64.Build.0 = Release|x64
		{16244609-C1AF-45AC-A1C1-25F16A35F5BF}.Release|x86.ActiveCfg = Release|Win32
		{16244609-C1AF-45AC-A1C1-25F16A35F5BF}.Release|x86.Build.0 = Release|Win32
		{16244609-C1AF-45AC-A1C1-25F16A35F5BF}.ReleaseBuild|x64.ActiveCfg = Release|x64
		{16244609-C1AF-45AC-A1C1-25F16A35F5BF}.ReleaseBuild|x64.Build.0 = Release|x64
		{16244609-C1AF-45AC-A1C1-25F16A35F5BF}.ReleaseBuild|x86.ActiveCfg = Release|Win32
		{16244609-C1AF-45AC-A1C1-25F16A35F5BF}.ReleaseBuild|x86.Build.0 = Release|Win32
		{103FBB4F-A333-40D5-9632-7529E949C7D1}.Debug|x64.ActiveCfg = Debug|x64
		{103FBB4F-A333-40D5-9632-7529E949C7D1}.Debug|x64.Build.0 = Debug|x64
		{103FBB4F-A333-40D5-9632-7529E949C7D1}.Debug|x86.ActiveCfg = Debug|Win32
		{103FBB4F-A333-40D5-9632-7529E949C7D1}.Debug|x86.Build.0 = Debug|Win32
		{103FBB4F-A333-40D5-9632-7529E949C7D1}.DebugBuild|x64.ActiveCfg = Debug|x64
		{103FBB4F-A333-40D5-9632-7529E949C7D1}.DebugBuild|x64.Build.0 = Debug|x64
		{103FBB4F-A333-40D5-9632-7529E949C7D1}.DebugBuild|x86.ActiveCfg = Debug|Win32
		{103FBB4F-A333-40D5-9632-7529E949C7D1}.DebugBuild|x86.Build.0 = Debug|Win32
		{103FBB4F-A333-40D5-9632-7529E949C7D1}.Release|x64.ActiveCfg = Release|x64
		{103FBB4F-A333-40D5-9632-7529E949C7D1}.Release|x64.Build.0 = Release|x64
		{103FBB4F-A333-40D5-9632-7529E949C7D1}.Release|x86.ActiveCfg = Release|Win32
		{103FBB4F-A333-40D5-9632-7529E949C7D1}.Release|x86.Build.0 = Release|Win32
		{103FBB4F-A333-40D5-9632-7529E949C7D1}.ReleaseBuild|x64.ActiveCfg = Release|x64
		{103FBB4F-A333-40D5-9632-7529E949C7D1}.ReleaseBuild|x64.Build.0 = Release|x64
		{103FBB4F-A333-40D5-9632-7529E949C7D1}.ReleaseBuild|x86.ActiveCfg = Release|Win32
		{103FBB4F-A333-40D5-9632-7529E949C7D1}.ReleaseBuild|x86.Build.0 = Release|Win32
		{F1885F1F-6C6E-4D37-9F0B-EC159E031DD1}.Debug|x64.ActiveCfg = Debug|x64
		{F1885F1F-6C6E-4D37-9F0B-EC159E031DD1}.Debug|x64.Build.0 = Debug|x64
		{F1885F1F-6C6E-4D37-9F0B-EC159E031DD1}.Debug|x86.ActiveCfg = Debug|Win32
		{F1885F1F-6C6E-4D37-9F0B-EC159E031DD1}.Debug|x86.Build.0 = Debug|Win32
		{F1885F1F-6C6E-4D37-9F0B-EC159E031DD1}.DebugBuild|x64.ActiveCfg = Debug|x64
		{F1885F1F-6C6E-4D37-9F0B-EC159E031DD1}.DebugBuild|x64.Build.0 = Debug|x64
		{F1885F1F-6C6E-4D37-9F0B-EC159E031DD1}.DebugBuild|x86.ActiveCfg = Debug|Win32
		{F1885F1F-6C6E-4D37-9F0B-EC159E031DD1}.DebugBuild|x86.Build.0 = Debug|Win32
		{F1885F1F-6C6E-4D37-9F0B-EC159E031DD1}.Release|x64.ActiveCfg = Release|x64
		{F1885F1F-6C6E-4D37-9F0B-EC159E031DD1}.Release|x64.Build.0 = Release|x64
		{F1885F1F-6C6E-4D37-9F0B-EC159E031DD1}.Release|x86.ActiveCfg = Release|Win32
		{F1885F1F-6C6E-4D37-9F0B-EC159E031DD1}.Release|x86.Build.0 = Release|Win32
		{F1885F1F-6C6E-4D37-9F0B-EC159E031DD1}.ReleaseBuild|x64.ActiveCfg = Release|x64
		{F1885F1F-6C6E-4D37-9F0B-EC159E031DD1}.ReleaseBuild|x64.Build.0 = Release|x64
		{F1885F1F-6C6E-4D37-9F0B-EC159E031DD1}.ReleaseBuild|x86.ActiveCfg = Release|Win32
		{F1885F1F-6C6E-4D37-9F0B-EC159E031DD1}.ReleaseBuild|x86.Build.0 = Release|Win32
		{C9DC157E-7333-40FD-9FDA-66F59DA15E86}.Debug|x64.ActiveCfg = Debug|x64
		{C9DC157E-7333-40FD-9FDA-66F59DA15E86}.Debug|x64.Build.0 = Debug|x64
		{C9DC157E-7333-40FD-9FDA-66F59DA15E86}.Debug|x86.ActiveCfg = Debug|Win32
		{C9DC157E-7333-40FD-9FDA-66F59DA15E86}.Debug|x86.Build.0 = Debug|Win32
		{C9DC157E-7333-40FD-9FDA-66F59DA15E86}.DebugBuild|x64.ActiveCfg = Debug|x64
		{C9DC157E-7333-40FD-9FDA-66F59DA15E86}.DebugBuild|x64.Build.0 = Debug|x64
		{C9DC157E-7333-40FD-9FDA-66F59DA15E86}.DebugBuild|x86.ActiveCfg = Debug|Win32
		{C9DC157E-7333-40FD-9FDA-66F59DA15E86}.DebugBuild|x86.Build.0 = Debug|Win32
		{C9DC157E-7333-40FD-9FDA-66F59DA15E86}.Release|x64.ActiveCfg = Release|x64
		{C9DC157E-7333-40FD-9FDA-66F59DA15E86}.Release|x64.Build.0 = Release|x64
		{C9DC157E-7333-40FD-9FDA-66F59DA15E86}.Release|x86.ActiveCfg = Release|Win32
		{C9DC157E-7333-40FD-9FDA-66F59DA15E86}.Release|x86.Build.0 = Release|Win32
		{C9DC157E-7333-40FD-9FDA-66F59DA15E86}.ReleaseBuild|x64.ActiveCfg = Release|x64
		{C9DC157E-7333-40FD-9FDA-66F59DA15E86}.ReleaseBuild|x64.Build.0 = Release|x64
		{C9DC157E-7333-40FD-9FDA-66F59DA15E86}.ReleaseBuild|x86.ActiveCfg = Release|Win32
		{C9DC157E-7333-40FD-9FDA-66F59DA15E86}.ReleaseBuild|x86.Build.0 = Release|Win32
		{E3C464C1-FAA1-418C-A50B-6CE369898543}.Debug|x64.ActiveCfg = Debug|x64
		{E3C464C1-FAA1-418C-A50B-6CE369898543}.Debug|x64.Build.0 = Debug|x64
		{E3C464C1-FAA1-418C-A50B-6CE369898543}.Debug|x86.ActiveCfg = Debug|Win32
		{E3C464C1-FAA1-418C-A50B-6CE369898543}.Debug|x86.Build.0 = Debug|Win32
		{E3C464C1-FAA1-418C-A50B-6CE369898543}.DebugBuild|x64.ActiveCfg = Debug|x64
		{E3C464C1-FAA1-418C-A50B-6CE369898543}.DebugBuild|x64.Build.0 = Debug|x64
		{E3C464C1-FAA1-418C-A50B-6CE369898543}.DebugBuild|x86.ActiveCfg = Debug|Win32
		{E3C464C1-FAA1-418C-A50B-6CE369898543}.DebugBuild|x86.Build.0 = Debug|Win32
		{E3C464C1-FAA1-418C-A50B-6CE369898543}.Release|x64.ActiveCfg = Release|x64
		{E3C464C1-FAA1-418C-A50B-6CE369898543}.Release|x64.Build.0 = Release|x64
		{E3C464C1-FAA1-418C-A50B-6CE369898543}.Release|x86.ActiveCfg = Release|Win32
		{E3C464C1-FAA1-418C-A50B-6CE369898543}.Release|x86.Build.0 = Release|Win32
		{E3C464C1-FAA1-418C-A50B-6CE369898543}.ReleaseBuild|x64.ActiveCfg = Release|x64
		{E3C464C1-FAA1-418C-A50B-6CE369898543}.ReleaseBuild|x64.Build.0 = Release|x64
		{E3C464C1-FAA1-418C-A50B-6CE369898543}.ReleaseBuild|x86.ActiveCfg = Release|Win32
		{E3C464C1-FAA1-418C-A50B-6CE369898543}.ReleaseBuild|x86.Build.0 = Release|Win32
		{57FF6077-65E1-4436-93DE-5384A7C7D4CC}.Debug|x64.ActiveCfg = Debug|x64
		{57FF6077-65E1-4436-93DE-5384A7C7D4CC}.Debug|x64.Build.0 = Debug|x64
		{57FF6077-65E1-4436-93DE-5384A7C7D4CC}.Debug|x86.ActiveCfg = Debug|Win32
		{57FF6077-65E1-4436-93DE-5384A7C7D4CC}.Debug|x86.Build.0 = Debug|Win32
		{57FF6077-65E1-4436-93DE-5384A7C7D4CC}.DebugBuild|x64.ActiveCfg = Debug|x64
		{57FF6077-65E1-4436-93DE-5384A7C7D4CC}.DebugBuild|x64.Build.0 = Debug|x64
		{57FF6077-65E1-4436-93DE-5384A7C7D4CC}.DebugBuild|x86.ActiveCfg = Debug|Win32
		{57FF6077-65E1-4436-93DE-5384A7C7D4CC}.DebugBuild|x86.Build.0 = Debug|Win32
		{57FF6077-65E1-4436-93DE-5384A7C7D4CC}.Release|x64.ActiveCfg = Release|x64
		{57FF6077-65E1-4436-93DE-5384A7C7D4CC}.Release|x64.Build.0 = Release|x64
		{57FF6077-65E1-4436-93DE-5384A7C7D4CC}.Release|x86.ActiveCfg = Release|Win32
		{57FF6077-65E1-4436-93DE-5384A7C7D4CC}.Release|x86.Build.0 = Release|Win32
		{57FF6077-65E1-4436-93DE-5384A7C7D4CC}.ReleaseBuild|x64.ActiveCfg = Release|x64
		{57FF6077-65E1-4436-93DE-5384A7C7D4CC}.ReleaseBuild|x64.Build.0 = Release|x64
		{57FF6077-65E1-4436-93DE-5384A7C7D4CC}.ReleaseBuild|x86.ActiveCfg = Release|Win32
		{57FF6077-65E1-4436-93DE-5384A7C7D4CC}.ReleaseBuild|x86.Build.0 = Release|Win32
		{83D99998-DF37-464D-84A2-46009AD61FBD}.Debug|x64.ActiveCfg = Debug|x64
		{83D99998-DF37-464D-84A2-46009AD61FBD}.Debug|x64.Build.0 = Debug|x64
		{83D99998-DF37-464D-84A2-46009AD61FBD}.Debug|x86.ActiveCfg = Debug|Win32
		{83D99998-DF37-464D-84A2-46009AD61FBD}.Debug|x86.Build.0 = Debug|Win32
		{83D99998-DF37-464D-84A2-46009AD61FBD}.DebugBuild|x64.ActiveCfg = Debug|x64
		{83D99998-DF37-464D-84A2-46009AD61FBD}.DebugBuild|x64.Build.0 = Debug|x64
		{83D99998-DF37-464D-84A2-46009AD61FBD}.DebugBuild|x86.ActiveCfg = Debug|Win32
		{83D99998-DF37-464D-84A2-46009AD61FBD}.DebugBuild|x86.Build.0 = Debug|Win32
		{83D99998-DF37-464D-84A2-46009AD61FBD}.Release|x64.ActiveCfg = Release|x64
		{83D99998-DF37-464D-84A2-46009AD61FBD}.Release|x64.Build.0 = Release|x64
		{83D99998-DF37-464D-84A2-46009AD61FBD}.Release|x86.ActiveCfg = Release|Win32
		{83D99998-DF37-464D-84A2-46009AD61FBD}.Release|x86.Build.0 = Release|Win32
		{83D99998-DF37-464D-84A2-46009AD61FBD}.ReleaseBuild|x64.ActiveCfg = Release|x64
		{83D99998-DF37-464D-84A2-46009AD61FBD}.ReleaseBuild|x64.Build.0 = Release|x64
		{83D99998-DF37-464D-84A2-46009AD61FBD}.ReleaseBuild|x86.ActiveCfg = Release|Win32
		{83D99998-DF37-464D-84A2-46009AD61FBD}.ReleaseBuild|x86.Build.0 = Release|Win32
		{45ADC2B5-41AE-499A-A4D9-33A6D678EFFE}.Debug|x64.ActiveCfg = Debug|x64
		{45ADC2B5-41AE-499A-A4D9-33A6D678EFFE}.Debug|x64.Build.0 = Debug|x64
		{45ADC2B5-41AE-499A-A4D9-33A6D678EFFE}.Debug|x86.ActiveCfg = Debug|Win32
		{45ADC2B5-41AE-499A-A4D9-33A6D678EFFE}.Debug|x86.Build.0 = Debug|Win32
		{45ADC2B5-41AE-499A-A4D9-33A6D678EFFE}.DebugBuild|x64.ActiveCfg = Debug|x64
		{45ADC2B5-41AE-499A-A4D9-33A6D678EFFE}.DebugBuild|x64.Build.0 = Debug|x64
		{45ADC2B5-41AE-499A-A4D9-33A6D678EFFE}.DebugBuild|x86.ActiveCfg = Debug|Win32
		{45ADC2B5-41AE-499A-A4D9-33A6D678EFFE}.DebugBuild|x86.Build.0 = Debug|Win32
		{45ADC2B5-41AE-499A-A4D9-33A6D678EFFE}.Release|x64.ActiveCfg = Release|x64
		{45ADC2B5-41AE-499A-A4D9-33A6D678EFFE}.Release|x64.Build.0 = Release|x64
		{45ADC2B5-41AE-499A-A4D9-33A6D678EFFE}.Release|x86.ActiveCfg = Release|Win32
		{45ADC2B5-41AE-499A-A4D9-33A6D678EFFE}.Release|x86.Build.0 = Release|Win32
		{45ADC2B5-41AE-499A-A4D9-33A6D678EFFE}.ReleaseBuild|x64.ActiveCfg = Release|x64
		{45ADC2B5-41AE-499A-A4D9-33A6D678EFFE}.ReleaseBuild|x64.Build.0 = Release|x64
		{45ADC2B5-41AE-499A-A4D9-33A6D678EFFE}.ReleaseBuild|x86.ActiveCfg = Release|Win32
		{45ADC2B5-41AE-499A-A4D9-33A6D678EFFE}.ReleaseBuild|x86.Build.0 = Release|Win32
		{31AAADAA-2CEA-48E3-80A1-C0A69802374C}.Debug|x64.ActiveCfg = Debug|x64
		{31AAADAA-2CEA-48E3-80A1-C0A69802374C}.Debug|x64.Build.0 = Debug|x64
		{31AAADAA-2CEA-48E3-80A1-C0A69802374C}.Debug|x86.ActiveCfg = Debug|Win32
		{31AAADAA-2CEA-48E3-80A1-C0A69802374C}.Debug|x86.Build.0 = Debug|Win32
		{31AAADAA-2CEA-48E3-80A1-C0A69802374C}.DebugBuild|x64.ActiveCfg = Debug|x64
		{31AAADAA-2CEA-48E3-80A1-C0A69802374C}.DebugBuild|x64.Build.0 = Debug|x64
		{31AAADAA-2CEA-48E3-80A1-C0A69802374C}.DebugBuild|x86.ActiveCfg = Debug|Win32
		{31AAADAA-2CEA-48E3-80A1-C0A69802374C}.DebugBuild|x86.Build.0 = Debug|Win32
		{31AAADAA-2CEA-48E3-80A1-C0A69802374C}.Release|x64.ActiveCfg = Release|x64
		{31AAADAA-2CEA-48E3-80A1-C0A69802374C}.Release|x64.Build.0 = Release|x64
		{31AAADAA-2CEA-48E3-80A1-C0A69802374C}.Release|x86.ActiveCfg = Release|Win32
		{31AAADAA-2CEA-48E3-80A1-C0A69802374C}.Release|x86.Build.0 = Release|Win32
		{31AAADAA-2CEA-48E3-80A1-C0A69802374C}.ReleaseBuild|x64.ActiveCfg = Release|x64
		{31AAADAA-2CEA-48E3-80A1-C0A69802374C}.ReleaseBuild|x64.Build.0 = Release|x64
		{31AAADAA-2CEA-48E3-80A1-C0A69802374C}.ReleaseBuild|x86.ActiveCfg = Release|Win32
		{31AAADAA-2CEA-48E3-80A1-C0A69802374C}.ReleaseBuild|x86.Build.0 = Release|Win32
		{A3B5B5A8-326A-4BF8-B37E-EA7654CD29C2}.Debug|x64.ActiveCfg = Debug|x64
		{A3B5B5A8-326A-4BF8-B37E-EA7654CD29C2}.Debug|x64.Build.0 = Debug|x64
		{A3B5B5A8-326A-4BF8-B37E-EA7654CD29C2}.Debug|x86.ActiveCfg = Debug|Win32
		{A3B5B5A8-326A-4BF8-B37E-EA7654CD29C2}.Debug|x86.Build.0 = Debug|Win32
		{A3B5B5A8-326A-4BF8-B37E-EA7654CD29C2}.DebugBuild|x64.ActiveCfg = Debug|x64
		{A3B5B5A8-326A-4BF8-B37E-EA7654CD29C2}.DebugBuild|x64.Build.0 = Debug|x64
		{A3B5B5A8-326A-4BF8-B37E-EA7654CD29C2}.DebugBuild|x86.ActiveCfg = Debug|Win32
		{A3B5B5A8-326A-4BF8-B37E-EA7654CD29C2}.DebugBuild|x86.Build.0 = Debug|Win32
		{A3B5B5A8-326A-4BF8-B37E-EA7654CD29C2}.Release|x64.ActiveCfg = Release|x64
		{A3B5B5A8-326A-4BF8-B37E-EA7654CD29C2}.Release|x64.Build.0 = Release|x64
		{A3B5B5A8-326A-4BF8-B37E-EA7654CD29C2}.Release|x86.ActiveCfg = Release|Win32
		{A3B5B5A8-326A-4BF8-B37E-EA7654CD29C2}.Release|x86.Build.0 = Release|Win32
		{A3B5B5A8-326A-4BF8-B37E-EA7654CD29C2}.ReleaseBuild|x64.ActiveCfg = Release|x64
		{A3B5B5A8-326A-4BF8-B37E-EA7654CD29C2}.ReleaseBuild|x64.Build.0 = Release|x64
		{A3B5B5A8-326A-4BF8-B37E-EA7654CD29C2}.ReleaseBuild|x86.ActiveCfg = Release|Win32
		{A3B5B5A8-326A-4BF8-B37E-EA7654CD29C2}.ReleaseBuild|x86.Build.0 = Release|Win32
		{9A94E09D-A89D-46A0-80F0-8290759430A6}.Debug|x64.ActiveCfg = Debug|x64
		{9A94E09D-A89D-46A0-80F0-8290759430A6}.Debug|x64.Build.0 = Debug|x64
		{9A94E09D-A89D-46A0-80F0-8290759430A6}.Debug|x86.ActiveCfg = Debug|Win32
		{9A94E09D-A89D-46A0-80F0-8290759430A6}.Debug|x86.Build.0 = Debug|Win32
		{9A94E09D-A89D-46A0-80F0-8290759430A6}.DebugBuild|x64.ActiveCfg = Debug|x64
		{9A94E09D-A89D-46A0-80F0-8290759430A6}.DebugBuild|x64.Build.0 = Debug|x64
		{9A94E09D-A89D-46A0-80F0-8290759430A6}.DebugBuild|x86.ActiveCfg = Debug|Win32
		{9A94E09D-A89D-46A0-80F0-8290759430A6}.DebugBuild|x86.Build.0 = Debug|Win32
		{9A94E09D-A89D-46A0-80F0-8290759430A6}.Release|x64.ActiveCfg = Release|x64
		{9A94E09D-A89D-46A0-80F0-8290759430A6}.Release|x64.Build.0 = Release|x64
		{9A94E09D-A89D-46A0-80F0-8290759430A6}.Release|x86.ActiveCfg = Release|Win32
		{9A94E09D-A89D-46A0-80F0-8290759430A6}.Release|x86.Build.0 = Release|Win32
		{9A94E09D-A89D-46A0-80F0-8290759430A6}.ReleaseBuild|x64.ActiveCfg = Release|x64
		{9A94E09D-A89D-46A0-80F0-8290759430A6}.ReleaseBuild|x64.Build.0 = Release|x64
		{9A94E09D-A89D-46A0-80F0-8290759430A6}.ReleaseBuild|x86.ActiveCfg = Release|Win32
		{9A94E09D-A89D-46A0-80F0-8290759430A6}.ReleaseBuild|x86.Build.0 = Release|Win32
		{989DD25A-BCC1-4651-875B-AA628BA70A08}.Debug|x64.ActiveCfg = Debug|x64
		{989DD25A-BCC1-4651-875B-AA628BA70A08}.Debug|x64.Build.0 = Debug|x64
		{989DD25A-BCC1-4651-875B-AA628BA70A08}.Debug|x86.ActiveCfg = Debug|Win32
		{989DD25A-BCC1-4651-875B-AA628BA70A08}.Debug|x86.Build.0 = Debug|Win32
		{989DD25A-BCC1-4651-875B-AA628BA70A08}.DebugBuild|x64.ActiveCfg = Debug|x64
		{989DD25A-BCC1-4651-875B-AA628BA70A08}.DebugBuild|x64.Build.0 = Debug|x64
		{989DD25A-BCC1-4651-875B-AA628BA70A08}.DebugBuild|x86.ActiveCfg = Debug|Win32
		{989DD25A-BCC1-4651-875B-AA628BA70A08}.DebugBuild|x86.Build.0 = Debug|Win32
		{989DD25A-BCC1-4651-875B-AA628BA70A08}.Release|x64.ActiveCfg = Release|x64
		{989DD25A-BCC1-4651-875B-AA628BA70A08}.Release|x64.Build.0 = Release|x64
		{989DD25A-BCC1-4651-875B-AA628BA70A08}.Release|x86.ActiveCfg = Release|Win32
		{989DD25A-BCC1-4651-875B-AA628BA70A08}.Release|x86.Build.0 = Release|Win32
		{989DD25A-BCC1-4651-875B-AA628BA70A08}.ReleaseBuild|x64.ActiveCfg = Release|x64
		{989DD25A-BCC1-4651-875B-AA628BA70A08}.ReleaseBuild|x64.Build.0 = Release|x64
		{989DD25A-BCC1-4651-875B-AA628BA70A08}.ReleaseBuild|x86.ActiveCfg = Release|Win32
		{989DD25A-BCC1-4651-875B-AA628BA70A08}.ReleaseBuild|x86.Build.0 = Release|Win32
		{65789AA6-012F-4659-BDAC-7C9AD53EC509}.Debug|x64.ActiveCfg = Debug|x64
		{65789AA6-012F-4659-BDAC-7C9AD53EC509}.Debug|x64.Build.0 = Debug|x64
		{65789AA6-012F-4659-BDAC-7C9AD53EC509}.Debug|x86.ActiveCfg = Debug|Win32
		{65789AA6-012F-4659-BDAC-7C9AD53EC509}.Debug|x86.Build.0 = Debug|Win32
		{65789AA6-012F-4659-BDAC-7C9AD53EC509}.DebugBuild|x64.ActiveCfg = Debug|x64
		{65789AA6-012F-4659-BDAC-7C9AD53EC509}.DebugBuild|x64.Build.0 = Debug|x64
		{65789AA6-012F-4659-BDAC-7C9AD53EC509}.DebugBuild|x86.ActiveCfg = Debug|Win32
		{65789AA6-012F-4659-BDAC-7C9AD53EC509}.DebugBuild|x86.Build.0 = Debug|Win32
		{65789AA6-012F-4659-BDAC-7C9AD53EC509}.Release|x64.ActiveCfg = Release|x64
		{65789AA6-012F-4659-BDAC-7C9AD53EC509}.Release|x64.Build.0 = Release|x64
		{65789AA6-012F-4659-BDAC-7C9AD53EC509}.Release|x86.ActiveCfg = Release|Win32
		{65789AA6-012F-4659-BDAC-7C9AD53EC509}.Release|x86.Build.0 = Release|Win32
		{65789AA6-012F-4659-BDAC-7C9AD53EC509}.ReleaseBuild|x64.ActiveCfg = Release|x64
		{65789AA6-012F-4659-BDAC-7C9AD53EC509}.ReleaseBuild|x64.Build.0 = Release|x64
		{65789AA6-012F-4659-BDAC-7C9AD53EC509}.ReleaseBuild|x86.ActiveCfg = Release|Win32
		{65789AA6-012F-4659-BDAC-7C9AD53EC509}.ReleaseBuild|x86.Build.0 = Release|Win32
		{FCD645B7-5AB7-44DB-8F1A-A99B6D9EDD1D}.Debug|x64.ActiveCfg = Debug|x64
		{FCD645B7-5AB7-44DB-8F1A-A99B6D9EDD1D}.Debug|x64.Build.0 = Debug|x64
		{FCD645B7-5AB7-44DB-8F1A-A99B6D9EDD1D}.Debug|x86.ActiveCfg = Debug|Win32
		{FCD645B7-5AB7-44DB-8F1A-A99B6D9EDD1D}.Debug|x86.Build.0 = Debug|Win32
		{FCD645B7-5AB7-44DB-8F1A-A99B6D9EDD1D}.DebugBuild|x64.ActiveCfg = Debug|x64
		{FCD645B7-5AB7-44DB-8F1A-A99B6D9EDD1D}.DebugBuild|x64.Build.0 = Debug|x64
		{FCD645B7-5AB7-44DB-8F1A-A99B6D9EDD1D}.DebugBuild|x86.ActiveCfg = Debug|Win32
		{FCD645B7-5AB7-44DB-8F1A-A99B6D9EDD1D}.DebugBuild|x86.Build.0 = Debug|Win32
		{FCD645B7-5AB7-44DB-8F1A-A99B6D9EDD1D}.Release|x64.ActiveCfg = Release|x64
		{FCD645B7-5AB7-44DB-8F1A-A99B6D9EDD1D}.Release|x64.Build.0 = Release|x64
		{FCD645B7-5AB7-44DB-8F1A-A99B6D9EDD1D}.Release|x86.ActiveCfg = Release|Win32
		{FCD645B7-5AB7-44DB-8F1A-A99B6D9EDD1D}.Release|x86.Build.0 = Release|Win32
		{FCD645B7-5AB7-44DB-8F1A-A99B6D9EDD1D}.ReleaseBuild|x64.ActiveCfg = Release|x64
		{FCD645B7-5AB7-44DB-8F1A-A99B6D9EDD1D}.ReleaseBuild|x64.Build.0 = Release|x64
		{FCD645B7-5AB7-44DB-8F1A-A99B6D9EDD1D}.ReleaseBuild|x86.ActiveCfg = Release|Win32
		{FCD645B7-5AB7-44DB-8F1A-A99B6D9EDD1D}.ReleaseBuild|x86.Build.0 = Release|Win32
		{A621CC99-F0A1-4540-B096-57F363799410}.Debug|x64.ActiveCfg = Debug|x64
		{A621CC99-F0A1-4540-B096-57F363799410}.Debug|x64.Build.0 = Debug|x64
		{A621CC99-F0A1-4540-B096-57F363799410}.Debug|x86.ActiveCfg = Debug|Win32
		{A621CC99-F0A1-4540-B096-57F363799410}.Debug|x86.Build.0 = Debug|Win32
		{A621CC99-F0A1-4540-B096-57F363799410}.DebugBuild|x64.ActiveCfg = Debug|x64
		{A621CC99-F0A1-4540-B096-57F363799410}.DebugBuild|x64.Build.0 = Debug|x64
		{A621CC99-F0A1-4540-B096-57F363799410}.DebugBuild|x86.ActiveCfg = Debug|Win32
		{A621CC99-F0A1-4540-B096-57F363799410}.DebugBuild|x86.Build.0 = Debug|Win32
		{A621CC99-F0A1-4540-B096-57F363799410}.Release|x64.ActiveCfg = Release|x64
		{A621CC99-F0A1-4540-B096-57F363799410}.Release|x64.Build.0 = Release|x64
		{A621CC99-F0A1-4540-B096-57F363799410}.Release|x86.ActiveCfg = Release|Win32
		{A621CC99-F0A1-4540-B096-57F363799410}.Release|x86.Build.0 = Release|Win32
		{A621CC99-F0A1-4540-B096-57F363799410}.ReleaseBuild|x64.ActiveCfg = Release|x64
		{A621CC99-F0A1-4540-B096-57F363799410}.ReleaseBuild|x64.Build.0 = Release|x64
		{A621CC99-F0A1-4540-B096-57F363799410}.ReleaseBuild|x86.ActiveCfg = Release|Win32
		{A621CC99-F0A1-4540-B096-57F363799410}.ReleaseBuild|x86.Build.0 = Release|Win32
		{EBA59763-507A-444E-813C-519CA67F6C83}.Debug|x64.ActiveCfg = Debug|x64
		{EBA59763-507A-444E-813C-519CA67F6C83}.Debug|x64.Build.0 = Debug|x64
		{EBA59763-507A-444E-813C-519CA67F6C83}.Debug|x86.ActiveCfg = Debug|Win32
		{EBA59763-507A-444E-813C-519CA67F6C83}.Debug|x86.Build.0 = Debug|Win32
		{EBA59763-507A-444E-813C-519CA67F6C83}.DebugBuild|x64.ActiveCfg = Debug|x64
		{EBA59763-507A-444E-813C-519CA67F6C83}.DebugBuild|x64.Build.0 = Debug|x64
		{EBA59763-507A-444E-813C-519CA67F6C83}.DebugBuild|x86.ActiveCfg = Debug|Win32
		{EBA59763-507A-444E-813C-519CA67F6C83}.DebugBuild|x86.Build.0 = Debug|Win32
		{EBA59763-507A-444E-813C-519CA67F6C83}.Release|x64.ActiveCfg = Release|x64
		{EBA59763-507A-444E-813C-519CA67F6C83}.Release|x64.Build.0 = Release|x64
		{EBA59763-507A-444E-813C-519CA67F6C83}.Release|x86.ActiveCfg = Release|Win32
		{EBA59763-507A-444E-813C-519CA67F6C83}.Release|x86.Build.0 = Release|Win32
		{EBA59763-507A-444E-813C-519CA67F6C83}.ReleaseBuild|x64.ActiveCfg = Release|x64
		{EBA59763-507A-444E-813C-519CA67F6C83}.ReleaseBuild|x64.Build.0 = Release|x64
		{EBA59763-507A-444E-813C-519CA67F6C83}.ReleaseBuild|x86.ActiveCfg = Release|Win32
		{EBA59763-507A-444E-813C-519CA67F6C83}.ReleaseBuild|x86.Build.0 = Release|Win32
		{A38161C1-85EE-419D-A103-15B7DFEF4555}.Debug|x64.ActiveCfg = Debug|x64
		{A38161C1-85EE-419D-A103-15B7DFEF4555}.Debug|x64.Build.0 = Debug|x64
		{A38161C1-85EE-419D-A103-15B7DFEF4555}.Debug|x86.ActiveCfg = Debug|Win32
		{A38161C1-85EE-419D-A103-15B7DFEF4555}.Debug|x86.Build.0 = Debug|Win32
		{A38161C1-85EE-419D-A103-15B7DFEF4555}.DebugBuild|x64.ActiveCfg = Debug|x64
		{A38161C1-85EE-419D-A103-15B7DFEF4555}.DebugBuild|x64.Build.0 = Debug|x64
		{A38161C1-85EE-419D-A103-15B7DFEF4555}.DebugBuild|x86.ActiveCfg = Debug|Win32
		{A38161C1-85EE-419D-A103-15B7DFEF4555}.DebugBuild|x86.Build.0 = Debug|Win32
		{A38161C1-85EE-419D-A103-15B7DFEF4555}.Release|x64.ActiveCfg = Release|x64
		{A38161C1-85EE-419D-A103-15B7DFEF4555}.Release|x64.Build.0 = Release|x64
		{A38161C1-85EE-419D-A103-15B7DFEF4555}.Release|x86.ActiveCfg = Release|Win32
		{A38161C1-85EE-419D-A103-15B7DFEF4555}.Release|x86.Build.0 = Release|Win32
		{A38161C1-85EE-419D-A103-15B7DFEF4555}.ReleaseBuild|x64.ActiveCfg = Release|x64
		{A38161C1-85EE-419D-A103-15B7DFEF4555}.ReleaseBuild|x64.Build.0 = Release|x64
		{A38161C1-85EE-419D-A103-15B7DFEF4555}.ReleaseBuild|x86.ActiveCfg = Release|Win32
		{A38161C1-85EE-419D-A103-15B7DFEF4555}.ReleaseBuild|x86.Build.0 = Release|Win32
		{2B09FD53-E2FB-4C99-BEA3-2D7CE5F20C8B}.Debug|x64.ActiveCfg = Debug|x64
		{2B09FD53-E2FB-4C99-BEA3-2D7CE5F20C8B}.Debug|x64.Build.0 = Debug|x64
		{2B09FD53-E2FB-4C99-BEA3-2D7CE5F20C8B}.Debug|x86.ActiveCfg = Debug|Win32
		{2B09FD53-E2FB-4C99-BEA3-2D7CE5F20C8B}.Debug|x86.Build.0 = Debug|Win32
		{2B09FD53-E2FB-4C99-BEA3-2D7CE5F20C8B}.DebugBuild|x64.ActiveCfg = Debug|x64
		{2B09FD53-E2FB-4C99-BEA3-2D7CE5F20C8B}.DebugBuild|x64.Build.0 = Debug|x64
		{2B09FD53-E2FB-4C99-BEA3-2D7CE5F20C8B}.DebugBuild|x86.ActiveCfg = Debug|Win32
		{2B09FD53-E2FB-4C99-BEA3-2D7CE5F20C8B}.DebugBuild|x86.Build.0 = Debug|Win32
		{2B09FD53-E2FB-4C99-BEA3-2D7CE5F20C8B}.Release|x64.ActiveCfg = Release|x64
		{2B09FD53-E2FB-4C99-BEA3-2D7CE5F20C8B}.Release|x64.Build.0 = Release|x64
		{2B09FD53-E2FB-4C99-BEA3-2D7CE5F20C8B}.Release|x86.ActiveCfg = Release|Win32
		{2B09FD53-E2FB-4C99-BEA3-2D7CE5F20C8B}.Release|x86.Build.0 = Release|Win32
		{2B09FD53-E2FB-4C99-BEA3-2D7CE5F20C8B}.ReleaseBuild|x64.ActiveCfg = Release|x64
		{2B09FD53-E2FB-4C99-BEA3-2D7CE5F20C8B}.ReleaseBuild|x64.Build.0 = Release|x64
		{2B09FD53-E2FB-4C99-BEA3-2D7CE5F20C8B}.ReleaseBuild|x86.ActiveCfg = Release|Win32
		{2B09FD53-E2FB-4C99-BEA3-2D7CE5F20C8B}.ReleaseBuild|x86.Build.0 = Release|Win32
		{E7C770D4-3DE2-4AA0-8682-8196A68B149A}.Debug|x64.ActiveCfg = Debug|x64
		{E7C770D4-3DE2-4AA0-8682-8196A68B149A}.Debug|x64.Build.0 = Debug|x64
		{E7C770D4-3DE2-4AA0-8682-8196A68B149A}.Debug|x86.ActiveCfg = Debug|Win32
		{E7C770D4-3DE2-4AA0-8682-8196A68B149A}.Debug|x86.Build.0 = Debug|Win32
		{E7C770D4-3DE2-4AA0-8682-8196A68B149A}.DebugBuild|x64.ActiveCfg = Debug|x64
		{E7C770D4-3DE2-4AA0-8682-8196A68B149A}.DebugBuild|x64.Build.0 = Debug|x64
		{E7C770D4-3DE2-4AA0-8682-8196A68B149A}.DebugBuild|x86.ActiveCfg = Debug|Win32
		{E7C770D4-3DE2-4AA0-8682-8196A68B149A}.DebugBuild|x86.Build.0 = Debug|Win32
		{E7C770D4-3DE2-4AA0-8682-8196A68B149A}.Release|x64.ActiveCfg = Release|x64
		{E7C770D4-3DE2-4AA0-8682-8196A68B149A}.Release|x64.Build.0 = Release|x64
		{E7C770D4-3DE2-4AA0-8682-8196A68B149A}.Release|x86.ActiveCfg = Release|Win32
		{E7C770D4-3DE2-4AA0-8682-8196A68B149A}.Release|x86.Build.0 = Release|Win32
		{E7C770D4-3DE2-4AA0-8682-8196A68B149A}.ReleaseBuild|x64.ActiveCfg = Release|x64
		{E7C770D4-3DE2-4AA0-8682-8196A68B149A}.ReleaseBuild|x64.Build.0 = Release|x64
		{E7C770D4-3DE2-4AA0-8682-8196A68B149A}.ReleaseBuild|x86.ActiveCfg = Release|Win32
		{E7C770D4-3DE2-4AA0-8682-8196A68B149A}.ReleaseBuild|x86.Build.0 = Release|Win32
		{DDE60D2C-53CD-4569-8416-E61782FA51F7}.Debug|x64.ActiveCfg = Debug|x64
		{DDE60D2C-53CD-4569-8416-E61782FA51F7}.Debug|x64.Build.0 = Debug|x64
		{DDE60D2C-53CD-4569-8416-E61782FA51F7}.Debug|x86.ActiveCfg = Debug|Win32
		{DDE60D2C-53CD-4569-8416-E61782FA51F7}.Debug|x86.Build.0 = Debug|Win32
		{DDE60D2C-53CD-4569-8416-E61782FA51F7}.DebugBuild|x64.ActiveCfg = Debug|x64
		{DDE60D2C-53CD-4569-8416-E61782FA51F7}.DebugBuild|x64.Build.0 = Debug|x64
		{DDE60D2C-53CD-4569-8416-E61782FA51F7}.DebugBuild|x86.ActiveCfg = Debug|Win32
		{DDE60D2C-53CD-4569-8416-E61782FA51F7}.DebugBuild|x86.Build.0 = Debug|Win32
		{DDE60D2C-53CD-4569-8416-E61782FA51F7}.Release|x64.ActiveCfg = Release|x64
		{DDE60D2C-53CD-4569-8416-E61782FA51F7}.Release|x64.Build.0 = Release|x64
		{DDE60D2C-53CD-4569-8416-E61782FA51F7}.Release|x86.ActiveCfg = Release|Win32
		{DDE60D2C-53CD-4569-8416-E61782FA51F7}.Release|x86.Build.0 = Release|Win32
		{DDE60D2C-53CD-4569-8416-E61782FA51F7}.ReleaseBuild|x64.ActiveCfg = Release|x64
		{DDE60D2C-53CD-4569-8416-E61782FA51F7}.ReleaseBuild|x64.Build.0 = Release|x64
		{DDE60D2C-53CD-4569-8416-E61782FA51F7}.ReleaseBuild|x86.ActiveCfg = Release|Win32
		{DDE60D2C-53CD-4569-8416-E61782FA51F7}.ReleaseBuild|x86.Build.0 = Release|Win32
		{99158992-D95C-407E-90C8-BD1441A85D66}.Debug|x64.ActiveCfg = Debug|x64
		{99158992-D95C-407E-90C8-BD1441A85D66}.Debug|x64.Build.0 = Debug|x64
		{99158992-D95C-407E-90C8-BD1441A85D66}.Debug|x86.ActiveCfg = Debug|Win32
		{99158992-D95C-407E-90C8-BD1441A85D66}.Debug|x86.Build.0 = Debug|Win32
		{99158992-D95C-407E-90C8-BD1441A85D66}.DebugBuild|x64.ActiveCfg = Debug|x64
		{99158992-D95C-407E-90C8-BD1441A85D66}.DebugBuild|x64.Build.0 = Debug|x64
		{99158992-D95C-407E-90C8-BD1441A85D66}.DebugBuild|x86.ActiveCfg = Debug|Win32
		{99158992-D95C-407E-90C8-BD1441A85D66}.DebugBuild|x86.Build.0 = Debug|Win32
		{99158992-D95C-407E-90C8-BD1441A85D66}.Release|x64.ActiveCfg = Release|x64
		{99158992-D95C-407E-90C8-BD1441A85D66}.Release|x64.Build.0 = Release|x64
		{99158992-D95C-407E-90C8-BD1441A85D66}.Release|x86.ActiveCfg = Release|Win32
		{99158992-D95C-407E-90C8-BD1441A85D66}.Release|x86.Build.0 = Release|Win32
		{99158992-D95C-407E-90C8-BD1441A85D66}.ReleaseBuild|x64.ActiveCfg = Release|x64
		{99158992-D95C-407E-90C8-BD1441A85D66}.ReleaseBuild|x64.Build.0 = Release|x64
		{99158992-D95C-407E-90C8-BD1441A85D66}.ReleaseBuild|x86.ActiveCfg = Release|Win32
		{99158992-D95C-407E-90C8-BD1441A85D66}.ReleaseBuild|x86.Build.0 = Release|Win32
		{087D5BB2-2425-4C8D-8311-A47094721B96}.Debug|x64.ActiveCfg = Debug|x64
		{087D5BB2-2425-4C8D-8311-A47094721B96}.Debug|x64.Build.0 = Debug|x64
		{087D5BB2-2425-4C8D-8311-A47094721B96}.Debug|x86.ActiveCfg = Debug|Win32
		{087D5BB2-2425-4C8D-8311-A47094721B96}.Debug|x86.Build.0 = Debug|Win32
		{087D5BB2-2425-4C8D-8311-A47094721B96}.DebugBuild|x64.ActiveCfg = Debug|x64
		{087D5BB2-2425-4C8D-8311-A47094721B96}.DebugBuild|x64.Build.0 = Debug|x64
		{087D5BB2-2425-4C8D-8311-A47094721B96}.DebugBuild|x86.ActiveCfg = Debug|Win32
		{087D5BB2-2425-4C8D-8311-A47094721B96}.DebugBuild|x86.Build.0 = Debug|Win32
		{087D5BB2-2425-4C8D-8311-A47094721B96}.Release|x64.ActiveCfg = Release|x64
		{087D5BB2-2425-4C8D-8311-A47094721B96}.Release|x64.Build.0 = Release|x64
		{087D5BB2-2425-4C8D-8311-A47094721B96}.Release|x86.ActiveCfg = Release|Win32
		{087D5BB2-2425-4C8D-8311-A47094721B96}.Release|x86.Build.0 = Release|Win32
		{087D5BB2-2425-4C8D-8311-A47094721B96}.ReleaseBuild|x64.ActiveCfg = Release|x64
		{087D5BB2-2425-4C8D-8311-A47094721B96}.ReleaseBuild|x64.Build.0 = Release|x64
		{087D5BB2-2425-4C8D-8311-A47094721B96}.ReleaseBuild|x86.ActiveCfg = Release|Win32
		{087D5BB2-2425-4C8D-8311-A47094721B96}.ReleaseBuild|x86.Build.0 = Release|Win32
		{25DE148B-C409-414A-988A-B15E028F7DC2}.Debug|x64.ActiveCfg = Debug|x64
		{25DE148B-C409-414A-988A-B15E028F7DC2}.Debug|x64.Build.0 = Debug|x64
		{25DE148B-C409-414A-988A-B15E028F7DC2}.Debug|x86.ActiveCfg = Debug|Win32
		{25DE148B-C409-414A-988A-B15E028F7DC2}.Debug|x86.Build.0 = Debug|Win32
		{25DE148B-C409-414A-988A-B15E028F7DC2}.DebugBuild|x64.ActiveCfg = Debug|x64
		{25DE148B-C409-414A-988A-B15E028F7DC2}.DebugBuild|x64.Build.0 = Debug|x64
		{25DE148B-C409-414A-988A-B15E028F7DC2}.DebugBuild|x86.ActiveCfg = Debug|Win32
		{25DE148B-C409-414A-988A-B15E028F7DC2}.DebugBuild|x86.Build.0 = Debug|Win32
		{25DE148B-C409-414A-988A-B15E028F7DC2}.Release|x64.ActiveCfg = Release|x64
		{25DE148B-C409-414A-988A-B15E028F7DC2}.Release|x64.Build.0 = Release|x64
		{25DE148B-C409-414A-988A-B15E028F7DC2}.Release|x86.ActiveCfg = Release|Win32
		{25DE148B-C409-414A-988A-B15E028F7DC2}.Release|x86.Build.0 = Release|Win32
		{25DE148B-C409-414A-988A-B15E028F7DC2}.ReleaseBuild|x64.ActiveCfg = Release|x64
		{25DE148B-C409-414A-988A-B15E028F7DC2}.ReleaseBuild|x64.Build.0 = Release|x64
		{25DE148B-C409-414A-988A-B15E028F7DC2}.ReleaseBuild|x86.ActiveCfg = Release|Win32
		{25DE148B-C409-414A-988A-B15E028F7DC2}.ReleaseBuild|x86.Build.0 = Release|Win32
		{B9945837-98AD-42D3-8A87-48C3FE8C8AF2}.Debug|x64.ActiveCfg = Debug|x64
		{B9945837-98AD-42D3-8A87-48C3FE8C8AF2}.Debug|x64.Build.0 = Debug|x64
		{B9945837-98AD-42D3-8A87-48C3FE8C8AF2}.Debug|x86.ActiveCfg = Debug|Win32
		{B9945837-98AD-42D3-8A87-48C3FE8C8AF2}.Debug|x86.Build.0 = Debug|Win32
		{B9945837-98AD-42D3-8A87-48C3FE8C8AF2}.DebugBuild|x64.ActiveCfg = Debug|x64
		{B9945837-98AD-42D3-8A87-48C3FE8C8AF2}.DebugBuild|x64.Build.0 = Debug|x64
		{B9945837-98AD-42D3-8A87-48C3FE8C8AF2}.DebugBuild|x86.ActiveCfg = Debug|Win32
		{B9945837-98AD-42D3-8A87-48C3FE8C8AF2}.DebugBuild|x86.Build.0 = Debug|Win32
		{B9945837-98AD-42D3-8A87-48C3FE8C8AF2}.Release|x64.ActiveCfg = Release|x64
		{B9945837-98AD-42D3-8A87-48C3FE8C8AF2}.Release|x64.Build.0 = Release|x64
		{B9945837-98AD-42D3-8A87-48C3FE8C8AF2}.Release|x86.ActiveCfg = Release|Win32
		{B9945837-98AD-42D3-8A87-48C3FE8C8AF2}.Release|x86.Build.0 = Release|Win32
		{B9945837-98AD-42D3-8A87-48C3FE8C8AF2}.ReleaseBuild|x64.ActiveCfg = Release|x64
		{B9945837-98AD-42D3-8A87-48C3FE8C8AF2}.ReleaseBuild|x64.Build.0 = Release|x64
		{B9945837-98AD-42D3-8A87-48C3FE8C8AF2}.ReleaseBuild|x86.ActiveCfg = Release|Win32
		{B9945837-98AD-42D3-8A87-48C3FE8C8AF2}.ReleaseBuild|x86.Build.0 = Release|Win32
		{1ACB007E-1FA2-42C9-B722-05FF48C503F9}.Debug|x64.ActiveCfg = Debug|x64
		{1ACB007E-1FA2-42C9-B722-05FF48C503F9}.Debug|x64.Build.0 = Debug|x64
		{1ACB007E-1FA2-42C9-B722-05FF48C503F9}.Debug|x86.ActiveCfg = Debug|Win32
		{1ACB007E-1FA2-42C9-B722-05FF48C503F9}.Debug|x86.Build.0 = Debug|Win32
		{1ACB007E-1FA2-42C9-B722-05FF48C503F9}.DebugBuild|x64.ActiveCfg = Debug|x64
		{1ACB007E-1FA2-42C9-B722-05FF48C503F9}.DebugBuild|x64.Build.0 = Debug|x64
		{1ACB007E-1FA2-42C9-B722-05FF48C503F9}.DebugBuild|x86.ActiveCfg = Debug|Win32
		{1ACB007E-1FA2-42C9-B722-05FF48C503F9}.DebugBuild|x86.Build.0 = Debug|Win32
		{1ACB007E-1FA2-42C9-B722-05FF48C503F9}.Release|x64.ActiveCfg = Release|x64
		{1ACB007E-1FA2-42C9-B722-05FF48C503F9}.Release|x64.Build.0 = Release|x64
		{1ACB007E-1FA2-42C9-B722-05FF48C503F9}.Release|x86.ActiveCfg = Release|Win32
		{1ACB007E-1FA2-42C9-B722-05FF48C503F9}.Release|x86.Build.0 = Release|Win32
		{1ACB007E-1FA2-42C9-B722-05FF48C503F9}.ReleaseBuild|x64.ActiveCfg = Release|x64
		{1ACB007E-1FA2-42C9-B722-05FF48C503F9}.ReleaseBuild|x64.Build.0 = Release|x64
		{1ACB007E-1FA2-42C9-B722-05FF48C503F9}.ReleaseBuild|x86.ActiveCfg = Release|Win32
		{1ACB007E-1FA2-42C9-B722-05FF48C503F9}.ReleaseBuild|x86.Build.0 = Release|Win32
		{E6AD5F74-636F-49D5-9D90-096A97EA37A0}.Debug|x64.ActiveCfg = Debug|x64
		{E6AD5F74-636F-49D5-9D90-096A97EA37A0}.Debug|x64.Build.0 = Debug|x64
		{E6AD5F74-636F-49D5-9D90-096A97EA37A0}.Debug|x86.ActiveCfg = Debug|Win32
		{E6AD5F74-636F-49D5-9D90-096A97EA37A0}.Debug|x86.Build.0 = Debug|Win32
		{E6AD5F74-636F-49D5-9D90-096A97EA37A0}.DebugBuild|x64.ActiveCfg = Debug|x64
		{E6AD5F74-636F-49D5-9D90-096A97EA37A0}.DebugBuild|x64.Build.0 = Debug|x64
		{E6AD5F74-636F-49D5-9D90-096A97EA37A0}.DebugBuild|x86.ActiveCfg = Debug|Win32
		{E6AD5F74-636F-49D5-9D90-096A97EA37A0}.DebugBuild|x86.Build.0 = Debug|Win32
		{E6AD5F74-636F-49D5-9D90-096A97EA37A0}.Release|x64.ActiveCfg = Release|x64
		{E6AD5F74-636F-49D5-9D90-096A97EA37A0}.Release|x64.Build.0 = Release|x64
		{E6AD5F74-636F-49D5-9D90-096A97EA37A0}.Release|x86.ActiveCfg = Release|Win32
		{E6AD5F74-636F-49D5-9D90-096A97EA37A0}.Release|x86.Build.0 = Release|Win32
		{E6AD5F74-636F-49D5-9D90-096A97EA37A0}.ReleaseBuild|x64.ActiveCfg = Release|x64
		{E6AD5F74-636F-49D5-9D90-096A97EA37A0}.ReleaseBuild|x64.Build.0 = Release|x64
		{E6AD5F74-636F-49D5-9D90-096A97EA37A0}.ReleaseBuild|x86.ActiveCfg = Release|Win32
		{E6AD5F74-636F-49D5-9D90-096A97EA37A0}.ReleaseBuild|x86.Build.0 = Release|Win32
		{AD25DD0C-1C40-4DB3-BD12-E98FE422BB4E}.Debug|x64.ActiveCfg = Debug|x64
		{AD25DD0C-1C40-4DB3-BD12-E98FE422BB4E}.Debug|x64.Build.0 = Debug|x64
		{AD25DD0C-1C40-4DB3-BD12-E98FE422BB4E}.Debug|x86.ActiveCfg = Debug|Win32
		{AD25DD0C-1C40-4DB3-BD12-E98FE422BB4E}.Debug|x86.Build.0 = Debug|Win32
		{AD25DD0C-1C40-4DB3-BD12-E98FE422BB4E}.DebugBuild|x64.ActiveCfg = Debug|x64
		{AD25DD0C-1C40-4DB3-BD12-E98FE422BB4E}.DebugBuild|x64.Build.0 = Debug|x64
		{AD25DD0C-1C40-4DB3-BD12-E98FE422BB4E}.DebugBuild|x86.ActiveCfg = Debug|Win32
		{AD25DD0C-1C40-4DB3-BD12-E98FE422BB4E}.DebugBuild|x86.Build.0 = Debug|Win32
		{AD25DD0C-1C40-4DB3-BD12-E98FE422BB4E}.Release|x64.ActiveCfg = Release|x64
		{AD25DD0C-1C40-4DB3-BD12-E98FE422BB4E}.Release|x64.Build.0 = Release|x64
		{AD25DD0C-1C40-4DB3-BD12-E98FE422BB4E}.Release|x86.ActiveCfg = Release|Win32
		{AD25DD0C-1C40-4DB3-BD12-E98FE422BB4E}.Release|x86.Build.0 = Release|Win32
		{AD25DD0C-1C40-4DB3-BD12-E98FE422BB4E}.ReleaseBuild|x64.ActiveCfg = Release|x64
		{AD25DD0C-1C40-4DB3-BD12-E98FE422BB4E}.ReleaseBuild|x64.Build.0 = Release|x64
		{AD25DD0C-1C40-4DB3-BD12-E98FE422BB4E}.ReleaseBuild|x86.ActiveCfg = Release|Win32
		{AD25DD0C-1C40-4DB3-BD12-E98FE422BB4E}.ReleaseBuild|x86.Build.0 = Release|Win32
		{01D0E41E-2C4F-476A-B1DA-1D01381D5AB9}.Debug|x64.ActiveCfg = Debug|x64
		{01D0E41E-2C4F-476A-B1DA-1D01381D5AB9}.Debug|x64.Build.0 = Debug|x64
		{01D0E41E-2C4F-476A-B1DA-1D01381D5AB9}.Debug|x86.ActiveCfg = Debug|Win32
		{01D0E41E-2C4F-476A-B1DA-1D01381D5AB9}.Debug|x86.Build.0 = Debug|Win32
		{01D0E41E-2C4F-476A-B1DA-1D01381D5AB9}.DebugBuild|x64.ActiveCfg = Debug|x64
		{01D0E41E-2C4F-476A-B1DA-1D01381D5AB9}.DebugBuild|x64.Build.0 = Debug|x64
		{01D0E41E-2C4F-476A-B1DA-1D01381D5AB9}.DebugBuild|x86.ActiveCfg = Debug|Win32
		{01D0E41E-2C4F-476A-B1DA-1D01381D5AB9}.DebugBuild|x86.Build.0 = Debug|Win32
		{01D0E41E-2C4F-476A-B1DA-1D01381D5AB9}.Release|x64.ActiveCfg = Release|x64
		{01D0E41E-2C4F-476A-B1DA-1D01381D5AB9}.Release|x64.Build.0 = Release|x64
		{01D0E41E-2C4F-476A-B1DA-1D01381D5AB9}.Release|x86.ActiveCfg = Release|Win32
		{01D0E41E-2C4F-476A-B1DA-1D01381D5AB9}.Release|x86.Build.0 = Release|Win32
		{01D0E41E-2C4F-476A-B1DA-1D01381D5AB9}.ReleaseBuild|x64.ActiveCfg = Release|x64
		{01D0E41E-2C4F-476A-B1DA-1D01381D5AB9}.ReleaseBuild|x64.Build.0 = Release|x64
		{01D0E41E-2C4F-476A-B1DA-1D01381D5AB9}.ReleaseBuild|x86.ActiveCfg = Release|Win32
		{01D0E41E-2C4F-476A-B1DA-1D01381D5AB9}.ReleaseBuild|x86.Build.0 = Release|Win32
		{EAE421ED-5922-46B2-854A-0E53705AAC8D}.Debug|x64.ActiveCfg = Debug|x64
		{EAE421ED-5922-46B2-854A-0E53705AAC8D}.Debug|x64.Build.0 = Debug|x64
		{EAE421ED-5922-46B2-854A-0E53705AAC8D}.Debug|x86.ActiveCfg = Debug|Win32
		{EAE421ED-5922-46B2-854A-0E53705AAC8D}.Debug|x86.Build.0 = Debug|Win32
		{EAE421ED-5922-46B2-854A-0E53705AAC8D}.DebugBuild|x64.ActiveCfg = Debug|x64
		{EAE421ED-5922-46B2-854A-0E53705AAC8D}.DebugBuild|x64.Build.0 = Debug|x64
		{EAE421ED-5922-46B2-854A-0E53705AAC8D}.DebugBuild|x86.ActiveCfg = Debug|Win32
		{EAE421ED-5922-46B2-854A-0E53705AAC8D}.DebugBuild|x86.Build.0 = Debug|Win32
		{EAE421ED-5922-46B2-854A-0E53705AAC8D}.Release|x64.ActiveCfg = Release|x64
		{EAE421ED-5922-46B2-854A-0E53705AAC8D}.Release|x64.Build.0 = Release|x64
		{EAE421ED-5922-46B2-854A-0E53705AAC8D}.Release|x86.ActiveCfg = Release|Win32
		{EAE421ED-5922-46B2-854A-0E53705AAC8D}.Release|x86.Build.0 = Release|Win32
		{EAE421ED-5922-46B2-854A-0E53705AAC8D}.ReleaseBuild|x64.ActiveCfg = Release|x64
		{EAE421ED-5922-46B2-854A-0E53705AAC8D}.ReleaseBuild|x64.Build.0 = Release|x64
		{EAE421ED-5922-46B2-854A-0E53705AAC8D}.ReleaseBuild|x86.ActiveCfg = Release|Win32
		{EAE421ED-5922-46B2-854A-0E53705AAC8D}.ReleaseBuild|x86.Build.0 = Release|Win32
	EndGlobalSection
	GlobalSection(SolutionProperties) = preSolution
		HideSolutionNode = FALSE
	EndGlobalSection
	GlobalSection(ExtensibilityGlobals) = postSolution
		SolutionGuid = {AE5D1C37-D952-4357-B38F-A78B654F1D01}
	EndGlobalSection
EndGlobal
