<?xml version="1.0" encoding="utf-8"?>
<Project ToolsVersion="4.0" xmlns="http://schemas.microsoft.com/developer/msbuild/2003">
  <ItemGroup>
    <Filter Include="소스 파일">
      <UniqueIdentifier>{4FC737F1-C7A5-4376-A066-2A32D752A2FF}</UniqueIdentifier>
      <Extensions>cpp;c;cc;cxx;def;odl;idl;hpj;bat;asm;asmx</Extensions>
    </Filter>
    <Filter Include="리소스 파일">
      <UniqueIdentifier>{67DA6AB6-F800-4c08-8B7A-83BB121AAD01}</UniqueIdentifier>
      <Extensions>rc;ico;cur;bmp;dlg;rc2;rct;bin;rgs;gif;jpg;jpeg;jpe;resx;tiff;tif;png;wav;mfcribbon-ms</Extensions>
    </Filter>
    <Filter Include="소스 파일\1. Engine">
      <UniqueIdentifier>{8d14ffeb-ebbd-45f3-8615-39e0577c85b1}</UniqueIdentifier>
    </Filter>
    <Filter Include="소스 파일\1. Engine\Manager">
      <UniqueIdentifier>{8329ddea-01a2-4183-b77b-7e17f84c94c1}</UniqueIdentifier>
    </Filter>
    <Filter Include="소스 파일\1. Engine\Handler">
      <UniqueIdentifier>{d5b47bd3-d5d9-4c3e-93db-8f4e610f2023}</UniqueIdentifier>
    </Filter>
    <Filter Include="소스 파일\1. Engine\Controller">
      <UniqueIdentifier>{c154bc00-db91-4cb7-9417-2f1b7cdb83ad}</UniqueIdentifier>
    </Filter>
    <Filter Include="소스 파일\1. Engine\1. Common">
      <UniqueIdentifier>{dc3b7383-67f7-48e5-8306-d6e1f792b770}</UniqueIdentifier>
    </Filter>
    <Filter Include="소스 파일\2. Client">
      <UniqueIdentifier>{2a5509bb-07f7-499a-8f18-866a444c13eb}</UniqueIdentifier>
    </Filter>
    <Filter Include="소스 파일\1. Engine\Interface">
      <UniqueIdentifier>{ebd67868-3f3f-4d09-a6a3-eca228c4f2e3}</UniqueIdentifier>
    </Filter>
    <Filter Include="소스 파일\1. Engine\Element">
      <UniqueIdentifier>{19c219b3-445e-4387-b902-34cb2ae9a3ac}</UniqueIdentifier>
    </Filter>
    <Filter Include="소스 파일\1. Engine\Context">
      <UniqueIdentifier>{8f3aeed6-dafb-4a88-a9ba-0a748385b794}</UniqueIdentifier>
    </Filter>
    <Filter Include="소스 파일\2. Client\MiniGame">
      <UniqueIdentifier>{c66ae29a-0030-4c38-90ed-e3b3a287a104}</UniqueIdentifier>
    </Filter>
    <Filter Include="소스 파일\2. Client\MiniGame\BattleSimulator">
      <UniqueIdentifier>{1cda9048-cdb4-4d43-8892-853dd3e8b2fc}</UniqueIdentifier>
    </Filter>
    <Filter Include="소스 파일\2. Client\MiniGame\DialogueTree">
      <UniqueIdentifier>{c915d02e-523f-4eee-86e8-bfa4211d407f}</UniqueIdentifier>
    </Filter>
    <Filter Include="소스 파일\2. Client\MiniGame\MiscellaneousShop2">
      <UniqueIdentifier>{5e214463-8ad6-40ab-a8d3-e5359d0d4d9e}</UniqueIdentifier>
    </Filter>
    <Filter Include="소스 파일\1. Engine\Handler\ErrorHandler">
      <UniqueIdentifier>{6f2e04d8-8d7a-4c0b-ac6a-a5c21f3dd3c8}</UniqueIdentifier>
    </Filter>
    <Filter Include="소스 파일\2. Client\Context">
      <UniqueIdentifier>{c3623ceb-63c2-4c31-bc14-7d49b4263f2a}</UniqueIdentifier>
    </Filter>
    <Filter Include="소스 파일\2. Client\Element">
      <UniqueIdentifier>{94db105b-5d77-4a51-8ed2-e58ffb453bef}</UniqueIdentifier>
    </Filter>
    <Filter Include="소스 파일\2. Client\Element\Scene">
      <UniqueIdentifier>{e35eb99c-f5a5-476a-aa35-85ad423a37ef}</UniqueIdentifier>
    </Filter>
    <Filter Include="소스 파일\1. Engine\Timer">
      <UniqueIdentifier>{2a3d2b9b-a6fa-4f90-b0d2-ac37eb39e29b}</UniqueIdentifier>
    </Filter>
    <Filter Include="소스 파일\2. Client\Element\Scene\IntroMenuScene">
      <UniqueIdentifier>{6fda6ba4-f3df-446e-b865-44395c1cc445}</UniqueIdentifier>
    </Filter>
    <Filter Include="소스 파일\1. Engine\Math">
      <UniqueIdentifier>{57f11e1d-a5a7-41c9-85f3-753e900bdf2f}</UniqueIdentifier>
    </Filter>
    <Filter Include="소스 파일\1. Engine\Controller\Console">
      <UniqueIdentifier>{444bdb29-730a-44c9-bf72-8869e0965f55}</UniqueIdentifier>
    </Filter>
    <Filter Include="소스 파일\2. Client\Element\Scene\IntroMenuScene\IntroMenuAssist">
      <UniqueIdentifier>{d3164b5a-c506-4089-a642-95410849f075}</UniqueIdentifier>
    </Filter>
    <Filter Include="소스 파일\2. Client\MiniGame\MiscellaneousShop2\Item">
      <UniqueIdentifier>{83df1686-30bf-4fbd-bfe4-f5baa021a8ef}</UniqueIdentifier>
    </Filter>
    <Filter Include="소스 파일\2. Client\MiniGame\MiscellaneousShop2\Item\ShopItem">
      <UniqueIdentifier>{35968c5d-2cd4-4f4d-b6ff-1babb19ea1ec}</UniqueIdentifier>
    </Filter>
    <Filter Include="소스 파일\2. Client\MiniGame\MiscellaneousShop2\Phase">
      <UniqueIdentifier>{7ae7c283-7d5a-436f-ba01-f58a7469efed}</UniqueIdentifier>
    </Filter>
    <Filter Include="소스 파일\1. Engine\Element\GameObject">
      <UniqueIdentifier>{dc4c2586-c764-47d7-ae52-67a9975677da}</UniqueIdentifier>
    </Filter>
    <Filter Include="소스 파일\2. Client\MiniGame\BattleSimulator\GameObject">
      <UniqueIdentifier>{f59f8131-d448-4cdb-916d-452e0689c146}</UniqueIdentifier>
    </Filter>
    <Filter Include="소스 파일\2. Client\MiniGame\BattleSimulator\GameObject\StaticObject">
      <UniqueIdentifier>{9d07c17d-0581-4471-880b-0b3a38391131}</UniqueIdentifier>
    </Filter>
    <Filter Include="소스 파일\2. Client\MiniGame\BattleSimulator\GameObject\DynamicObject">
      <UniqueIdentifier>{4fa0307d-8c63-400d-b640-7a82ea50b99a}</UniqueIdentifier>
    </Filter>
  </ItemGroup>
  <ItemGroup>
    <ClCompile Include="SourceCode\Main.cpp">
      <Filter>소스 파일</Filter>
    </ClCompile>
    <ClCompile Include="SourceCode\Client\GameMain.cpp">
      <Filter>소스 파일\2. Client</Filter>
    </ClCompile>
    <ClCompile Include="SourceCode\Engine\Common\CommonFunc.cpp">
      <Filter>소스 파일\1. Engine\1. Common</Filter>
    </ClCompile>
    <ClCompile Include="SourceCode\Client\PCH.cpp">
      <Filter>소스 파일\2. Client</Filter>
    </ClCompile>
    <ClCompile Include="SourceCode\Engine\Manager\SceneManager.cpp">
      <Filter>소스 파일\1. Engine\Manager</Filter>
    </ClCompile>
    <ClCompile Include="SourceCode\Engine\Element\Scene.cpp">
      <Filter>소스 파일\1. Engine\Element</Filter>
    </ClCompile>
    <ClCompile Include="SourceCode\Engine\Element\NameTag.cpp">
      <Filter>소스 파일\1. Engine\Element</Filter>
    </ClCompile>
    <ClCompile Include="SourceCode\Engine\Handler\ErrorHandler\ErrorHandler.cpp">
      <Filter>소스 파일\1. Engine\Handler\ErrorHandler</Filter>
    </ClCompile>
    <ClCompile Include="SourceCode\Engine\Context\ConfigContext.cpp">
      <Filter>소스 파일\1. Engine\Context</Filter>
    </ClCompile>
    <ClCompile Include="SourceCode\Client\Context\GameContext.cpp">
      <Filter>소스 파일\2. Client\Context</Filter>
    </ClCompile>
    <ClCompile Include="SourceCode\Engine\Common\CommonLog.cpp">
      <Filter>소스 파일\1. Engine\1. Common</Filter>
    </ClCompile>
    <ClCompile Include="SourceCode\Engine\Controller\InputController.cpp">
      <Filter>소스 파일\1. Engine\Controller</Filter>
    </ClCompile>
    <ClCompile Include="SourceCode\Engine\Controller\FrameController.cpp">
      <Filter>소스 파일\1. Engine\Controller</Filter>
    </ClCompile>
    <ClCompile Include="SourceCode\Engine\Timer\TriggerTimer.cpp">
      <Filter>소스 파일\1. Engine\Timer</Filter>
    </ClCompile>
    <ClCompile Include="SourceCode\Engine\Manager\TriggerTimerManager.cpp">
      <Filter>소스 파일\1. Engine\Manager</Filter>
    </ClCompile>
    <ClCompile Include="SourceCode\Engine\Element\GameElement.cpp">
      <Filter>소스 파일\1. Engine\Element</Filter>
    </ClCompile>
    <ClCompile Include="SourceCode\Engine\Manager\PerformanceProfileMgr.cpp">
      <Filter>소스 파일\1. Engine\Manager</Filter>
    </ClCompile>
    <ClCompile Include="SourceCode\Engine\Timer\StopwatchTimer.cpp">
      <Filter>소스 파일\1. Engine\Timer</Filter>
    </ClCompile>
    <ClCompile Include="SourceCode\Engine\Math\Random.cpp">
      <Filter>소스 파일\1. Engine\Math</Filter>
    </ClCompile>
    <ClCompile Include="SourceCode\Engine\Controller\ConsoleController.cpp">
      <Filter>소스 파일\1. Engine\Controller\Console</Filter>
    </ClCompile>
    <ClCompile Include="SourceCode\Client\Element\Scene\IntroMenuScene.cpp">
      <Filter>소스 파일\2. Client\Element\Scene\IntroMenuScene</Filter>
    </ClCompile>
    <ClCompile Include="SourceCode\Client\Element\Scene\IntroMenuSceneAssist\IntroMenu.cpp">
      <Filter>소스 파일\2. Client\Element\Scene\IntroMenuScene\IntroMenuAssist</Filter>
    </ClCompile>
    <ClCompile Include="SourceCode\Client\Element\Scene\IntroMenuSceneAssist\IntroMenu_Quit.cpp">
      <Filter>소스 파일\2. Client\Element\Scene\IntroMenuScene\IntroMenuAssist</Filter>
    </ClCompile>
    <ClCompile Include="SourceCode\Client\Element\Scene\IntroMenuSceneAssist\IntroMenu_SceneLoader.cpp">
      <Filter>소스 파일\2. Client\Element\Scene\IntroMenuScene\IntroMenuAssist</Filter>
    </ClCompile>
    <ClCompile Include="SourceCode\Client\Element\Scene\BattleSimulatorScene.cpp">
      <Filter>소스 파일\2. Client\Element\Scene</Filter>
    </ClCompile>
    <ClCompile Include="SourceCode\Client\MiniGame\MiscellaneousShop2\Item\ItemBase.cpp">
      <Filter>소스 파일\2. Client\MiniGame\MiscellaneousShop2\Item</Filter>
    </ClCompile>
    <ClCompile Include="SourceCode\Client\MiniGame\MiscellaneousShop2\Item\ShopItem\ShopItem.cpp">
      <Filter>소스 파일\2. Client\MiniGame\MiscellaneousShop2\Item\ShopItem</Filter>
    </ClCompile>
    <ClCompile Include="SourceCode\Client\MiniGame\MiscellaneousShop2\Item\ShopItem\ShopItem_Camping.cpp">
      <Filter>소스 파일\2. Client\MiniGame\MiscellaneousShop2\Item\ShopItem</Filter>
    </ClCompile>
    <ClCompile Include="SourceCode\Client\MiniGame\MiscellaneousShop2\Item\ShopItem\ShopItem_Grocery.cpp">
      <Filter>소스 파일\2. Client\MiniGame\MiscellaneousShop2\Item\ShopItem</Filter>
    </ClCompile>
    <ClCompile Include="SourceCode\Client\MiniGame\MiscellaneousShop2\Item\ShopItem\ShopItem_Potion.cpp">
      <Filter>소스 파일\2. Client\MiniGame\MiscellaneousShop2\Item\ShopItem</Filter>
    </ClCompile>
    <ClCompile Include="SourceCode\Client\MiniGame\MiscellaneousShop2\MiscellaneousShop2.cpp">
      <Filter>소스 파일\2. Client\MiniGame\MiscellaneousShop2</Filter>
    </ClCompile>
    <ClCompile Include="SourceCode\Client\Element\Scene\MiscellaneousShop2Scene.cpp">
      <Filter>소스 파일\2. Client\Element\Scene</Filter>
    </ClCompile>
    <ClCompile Include="SourceCode\Client\MiniGame\MiscellaneousShop2\Phase\EntrancePhase.cpp">
      <Filter>소스 파일\2. Client\MiniGame\MiscellaneousShop2\Phase</Filter>
    </ClCompile>
    <ClCompile Include="SourceCode\Client\MiniGame\MiscellaneousShop2\Phase\BuyPhase.cpp">
      <Filter>소스 파일\2. Client\MiniGame\MiscellaneousShop2\Phase</Filter>
    </ClCompile>
    <ClCompile Include="SourceCode\Client\MiniGame\MiscellaneousShop2\Phase\SellPhase.cpp">
      <Filter>소스 파일\2. Client\MiniGame\MiscellaneousShop2\Phase</Filter>
    </ClCompile>
    <ClCompile Include="SourceCode\Client\MiniGame\MiscellaneousShop2\Phase\ArrangePhase.cpp">
      <Filter>소스 파일\2. Client\MiniGame\MiscellaneousShop2\Phase</Filter>
    </ClCompile>
    <ClCompile Include="SourceCode\Client\MiniGame\MiscellaneousShop2\Phase\PhaseBase.cpp">
      <Filter>소스 파일\2. Client\MiniGame\MiscellaneousShop2\Phase</Filter>
    </ClCompile>
    <ClCompile Include="SourceCode\Client\MiniGame\MiscellaneousShop2\Item\ItemDB.cpp">
      <Filter>소스 파일\2. Client\MiniGame\MiscellaneousShop2\Item</Filter>
    </ClCompile>
    <ClCompile Include="SourceCode\Client\MiniGame\MiscellaneousShop2\Item\ItemDBContext.cpp">
      <Filter>소스 파일\2. Client\MiniGame\MiscellaneousShop2\Item</Filter>
    </ClCompile>
    <ClCompile Include="SourceCode\Client\MiniGame\MiscellaneousShop2\MiscellaneousShop2Util.cpp">
      <Filter>소스 파일\2. Client\MiniGame\MiscellaneousShop2</Filter>
    </ClCompile>
    <ClCompile Include="SourceCode\Client\MiniGame\MiscellaneousShop2\PlayerContext.cpp">
      <Filter>소스 파일\2. Client\MiniGame\MiscellaneousShop2</Filter>
    </ClCompile>
    <ClCompile Include="SourceCode\Engine\Math\Math.cpp">
      <Filter>소스 파일\1. Engine\Math</Filter>
    </ClCompile>
    <ClCompile Include="SourceCode\Client\MiniGame\MiscellaneousShop2\Inven.cpp">
      <Filter>소스 파일\2. Client\MiniGame\MiscellaneousShop2</Filter>
    </ClCompile>
    <ClCompile Include="SourceCode\Engine\Element\ConsoleSelector.cpp">
      <Filter>소스 파일\1. Engine\Element</Filter>
    </ClCompile>
    <ClCompile Include="SourceCode\Engine\Element\DoubleConsoleSelector.cpp">
      <Filter>소스 파일\1. Engine\Element</Filter>
    </ClCompile>
    <ClCompile Include="SourceCode\Client\Element\Scene\DialogTreeScene.cpp">
      <Filter>소스 파일\2. Client\Element\Scene</Filter>
    </ClCompile>
    <ClCompile Include="SourceCode\Client\MiniGame\DialogTree\DialogNode.cpp">
      <Filter>소스 파일\2. Client\MiniGame\DialogueTree</Filter>
    </ClCompile>
    <ClCompile Include="SourceCode\Client\MiniGame\DialogTree\DialogTree.cpp">
      <Filter>소스 파일\2. Client\MiniGame\DialogueTree</Filter>
    </ClCompile>
    <ClCompile Include="SourceCode\Client\MiniGame\DialogTree\TriggerDialogNode.cpp">
      <Filter>소스 파일\2. Client\MiniGame\DialogueTree</Filter>
    </ClCompile>
    <ClCompile Include="SourceCode\Engine\Manager\ResourcePathMgr.cpp">
      <Filter>소스 파일\1. Engine\Manager</Filter>
    </ClCompile>
    <ClCompile Include="SourceCode\Engine\Controller\DebugPanelController.cpp">
      <Filter>소스 파일\1. Engine\Controller</Filter>
    </ClCompile>
    <ClCompile Include="SourceCode\Engine\Element\World.cpp">
      <Filter>소스 파일\1. Engine\Element</Filter>
    </ClCompile>
    <ClCompile Include="SourceCode\Engine\Element\LevelDesign.cpp">
      <Filter>소스 파일\1. Engine\Element</Filter>
    </ClCompile>
    <ClCompile Include="SourceCode\Engine\Element\GameObject\DynamicObject.cpp">
      <Filter>소스 파일\1. Engine\Element\GameObject</Filter>
    </ClCompile>
    <ClCompile Include="SourceCode\Engine\Element\GameObject\GameObject.cpp">
      <Filter>소스 파일\1. Engine\Element\GameObject</Filter>
    </ClCompile>
    <ClCompile Include="SourceCode\Engine\Element\GameObject\StaticObject.cpp">
      <Filter>소스 파일\1. Engine\Element\GameObject</Filter>
    </ClCompile>
    <ClCompile Include="SourceCode\Engine\Manager\FileStreamMgr.cpp">
      <Filter>소스 파일\1. Engine\Manager</Filter>
    </ClCompile>
    <ClCompile Include="SourceCode\Client\MiniGame\BattleSimulator\BattleSimulatorWorld.cpp">
      <Filter>소스 파일\2. Client\MiniGame\BattleSimulator</Filter>
    </ClCompile>
    <ClCompile Include="SourceCode\Client\MiniGame\BattleSimulator\GameObject\DynamicObject\MedievalKnight.cpp">
      <Filter>소스 파일\2. Client\MiniGame\BattleSimulator\GameObject\DynamicObject</Filter>
    </ClCompile>
    <ClCompile Include="SourceCode\Client\MiniGame\BattleSimulator\GameObject\DynamicObject\Unit.cpp">
      <Filter>소스 파일\2. Client\MiniGame\BattleSimulator\GameObject\DynamicObject</Filter>
    </ClCompile>
    <ClCompile Include="SourceCode\Client\MiniGame\BattleSimulator\GameObject\DynamicObject\Viking.cpp">
      <Filter>소스 파일\2. Client\MiniGame\BattleSimulator\GameObject\DynamicObject</Filter>
    </ClCompile>
    <ClCompile Include="SourceCode\Client\MiniGame\BattleSimulator\GameObject\StaticObject\Wall.cpp">
      <Filter>소스 파일\2. Client\MiniGame\BattleSimulator\GameObject\StaticObject</Filter>
    </ClCompile>
    <ClCompile Include="SourceCode\Client\Element\Scene\BattleSimulatorEditorScene.cpp">
      <Filter>소스 파일\2. Client\Element\Scene</Filter>
    </ClCompile>
  </ItemGroup>
  <ItemGroup>
    <ClInclude Include="SourceCode\Client\GameMain.h">
      <Filter>소스 파일\2. Client</Filter>
    </ClInclude>
    <ClInclude Include="SourceCode\Engine\Common\CommonType.h">
      <Filter>소스 파일\1. Engine\1. Common</Filter>
    </ClInclude>
    <ClInclude Include="SourceCode\Engine\Common\CommonMacro.h">
      <Filter>소스 파일\1. Engine\1. Common</Filter>
    </ClInclude>
    <ClInclude Include="SourceCode\Engine\Common\CommonFunc.h">
      <Filter>소스 파일\1. Engine\1. Common</Filter>
    </ClInclude>
    <ClInclude Include="SourceCode\Engine\Common\CommonNecessary.h">
      <Filter>소스 파일\1. Engine\1. Common</Filter>
    </ClInclude>
    <ClInclude Include="SourceCode\Client\PCH.h">
      <Filter>소스 파일\2. Client</Filter>
    </ClInclude>
    <ClInclude Include="SourceCode\Engine\Common\CommonStruct.h">
      <Filter>소스 파일\1. Engine\1. Common</Filter>
    </ClInclude>
    <ClInclude Include="SourceCode\Engine\Manager\SceneManager.h">
      <Filter>소스 파일\1. Engine\Manager</Filter>
    </ClInclude>
    <ClInclude Include="SourceCode\Engine\Element\Scene.h">
      <Filter>소스 파일\1. Engine\Element</Filter>
    </ClInclude>
    <ClInclude Include="SourceCode\Engine\Element\NameTag.h">
      <Filter>소스 파일\1. Engine\Element</Filter>
    </ClInclude>
    <ClInclude Include="SourceCode\Engine\Handler\ErrorHandler\ErrorHandler.h">
      <Filter>소스 파일\1. Engine\Handler\ErrorHandler</Filter>
    </ClInclude>
    <ClInclude Include="SourceCode\Engine\Handler\ErrorHandler\ErrorType.h">
      <Filter>소스 파일\1. Engine\Handler\ErrorHandler</Filter>
    </ClInclude>
    <ClInclude Include="SourceCode\Engine\Context\ConfigContext.h">
      <Filter>소스 파일\1. Engine\Context</Filter>
    </ClInclude>
    <ClInclude Include="SourceCode\Client\Context\GameContext.h">
      <Filter>소스 파일\2. Client\Context</Filter>
    </ClInclude>
    <ClInclude Include="SourceCode\Engine\Common\CommonLog.h">
      <Filter>소스 파일\1. Engine\1. Common</Filter>
    </ClInclude>
    <ClInclude Include="SourceCode\Engine\Controller\InputController.h">
      <Filter>소스 파일\1. Engine\Controller</Filter>
    </ClInclude>
    <ClInclude Include="SourceCode\Engine\Controller\FrameController.h">
      <Filter>소스 파일\1. Engine\Controller</Filter>
    </ClInclude>
    <ClInclude Include="SourceCode\Engine\Timer\TriggerTimer.h">
      <Filter>소스 파일\1. Engine\Timer</Filter>
    </ClInclude>
    <ClInclude Include="SourceCode\Engine\Manager\TriggerTimerManager.h">
      <Filter>소스 파일\1. Engine\Manager</Filter>
    </ClInclude>
    <ClInclude Include="SourceCode\Engine\Element\GameElement.h">
      <Filter>소스 파일\1. Engine\Element</Filter>
    </ClInclude>
    <ClInclude Include="SourceCode\Engine\Manager\PerformanceProfileMgr.h">
      <Filter>소스 파일\1. Engine\Manager</Filter>
    </ClInclude>
    <ClInclude Include="SourceCode\Engine\Timer\StopwatchTimer.h">
      <Filter>소스 파일\1. Engine\Timer</Filter>
    </ClInclude>
    <ClInclude Include="SourceCode\Engine\Math\Random.h">
      <Filter>소스 파일\1. Engine\Math</Filter>
    </ClInclude>
    <ClInclude Include="SourceCode\Engine\Controller\ConsoleController.h">
      <Filter>소스 파일\1. Engine\Controller\Console</Filter>
    </ClInclude>
    <ClInclude Include="SourceCode\Engine\Controller\ConsoleControllerEnum.h">
      <Filter>소스 파일\1. Engine\Controller\Console</Filter>
    </ClInclude>
    <ClInclude Include="SourceCode\Client\Element\Scene\IntroMenuScene.h">
      <Filter>소스 파일\2. Client\Element\Scene\IntroMenuScene</Filter>
    </ClInclude>
    <ClInclude Include="SourceCode\Client\Element\Scene\IntroMenuSceneAssist\IntroMenu.h">
      <Filter>소스 파일\2. Client\Element\Scene\IntroMenuScene\IntroMenuAssist</Filter>
    </ClInclude>
    <ClInclude Include="SourceCode\Client\Element\Scene\IntroMenuSceneAssist\IntroMenu_Quit.h">
      <Filter>소스 파일\2. Client\Element\Scene\IntroMenuScene\IntroMenuAssist</Filter>
    </ClInclude>
    <ClInclude Include="SourceCode\Client\Element\Scene\IntroMenuSceneAssist\IntroMenu_SceneLoader.h">
      <Filter>소스 파일\2. Client\Element\Scene\IntroMenuScene\IntroMenuAssist</Filter>
    </ClInclude>
    <ClInclude Include="SourceCode\Client\Element\Scene\BattleSimulatorScene.h">
      <Filter>소스 파일\2. Client\Element\Scene</Filter>
    </ClInclude>
    <ClInclude Include="SourceCode\Client\MiniGame\MiscellaneousShop2\Item\ItemBase.h">
      <Filter>소스 파일\2. Client\MiniGame\MiscellaneousShop2\Item</Filter>
    </ClInclude>
    <ClInclude Include="SourceCode\Client\MiniGame\MiscellaneousShop2\Item\ShopItem\ShopItem.h">
      <Filter>소스 파일\2. Client\MiniGame\MiscellaneousShop2\Item\ShopItem</Filter>
    </ClInclude>
    <ClInclude Include="SourceCode\Client\MiniGame\MiscellaneousShop2\Item\ShopItem\ShopItem_Camping.h">
      <Filter>소스 파일\2. Client\MiniGame\MiscellaneousShop2\Item\ShopItem</Filter>
    </ClInclude>
    <ClInclude Include="SourceCode\Client\MiniGame\MiscellaneousShop2\Item\ShopItem\ShopItem_Grocery.h">
      <Filter>소스 파일\2. Client\MiniGame\MiscellaneousShop2\Item\ShopItem</Filter>
    </ClInclude>
    <ClInclude Include="SourceCode\Client\MiniGame\MiscellaneousShop2\Item\ShopItem\ShopItem_Potion.h">
      <Filter>소스 파일\2. Client\MiniGame\MiscellaneousShop2\Item\ShopItem</Filter>
    </ClInclude>
    <ClInclude Include="SourceCode\Client\MiniGame\MiscellaneousShop2\MiscellaneousShop2.h">
      <Filter>소스 파일\2. Client\MiniGame\MiscellaneousShop2</Filter>
    </ClInclude>
    <ClInclude Include="SourceCode\Client\Element\Scene\MiscellaneousShop2Scene.h">
      <Filter>소스 파일\2. Client\Element\Scene</Filter>
    </ClInclude>
    <ClInclude Include="SourceCode\Client\MiniGame\MiscellaneousShop2\Phase\PhaseBase.h">
      <Filter>소스 파일\2. Client\MiniGame\MiscellaneousShop2\Phase</Filter>
    </ClInclude>
    <ClInclude Include="SourceCode\Client\MiniGame\MiscellaneousShop2\Phase\EntrancePhase.h">
      <Filter>소스 파일\2. Client\MiniGame\MiscellaneousShop2\Phase</Filter>
    </ClInclude>
    <ClInclude Include="SourceCode\Client\MiniGame\MiscellaneousShop2\Phase\BuyPhase.h">
      <Filter>소스 파일\2. Client\MiniGame\MiscellaneousShop2\Phase</Filter>
    </ClInclude>
    <ClInclude Include="SourceCode\Client\MiniGame\MiscellaneousShop2\Phase\SellPhase.h">
      <Filter>소스 파일\2. Client\MiniGame\MiscellaneousShop2\Phase</Filter>
    </ClInclude>
    <ClInclude Include="SourceCode\Client\MiniGame\MiscellaneousShop2\Phase\ArrangePhase.h">
      <Filter>소스 파일\2. Client\MiniGame\MiscellaneousShop2\Phase</Filter>
    </ClInclude>
    <ClInclude Include="SourceCode\Client\MiniGame\MiscellaneousShop2\Item\ItemDBEnum.h">
      <Filter>소스 파일\2. Client\MiniGame\MiscellaneousShop2\Item</Filter>
    </ClInclude>
    <ClInclude Include="SourceCode\Client\MiniGame\MiscellaneousShop2\Item\ItemDB.h">
      <Filter>소스 파일\2. Client\MiniGame\MiscellaneousShop2\Item</Filter>
    </ClInclude>
    <ClInclude Include="SourceCode\Client\MiniGame\MiscellaneousShop2\Item\ItemDBContext.h">
      <Filter>소스 파일\2. Client\MiniGame\MiscellaneousShop2\Item</Filter>
    </ClInclude>
    <ClInclude Include="SourceCode\Client\MiniGame\MiscellaneousShop2\MiscellaneousShop2Util.h">
      <Filter>소스 파일\2. Client\MiniGame\MiscellaneousShop2</Filter>
    </ClInclude>
    <ClInclude Include="SourceCode\Client\MiniGame\MiscellaneousShop2\PlayerContext.h">
      <Filter>소스 파일\2. Client\MiniGame\MiscellaneousShop2</Filter>
    </ClInclude>
    <ClInclude Include="SourceCode\Engine\Math\Math.h">
      <Filter>소스 파일\1. Engine\Math</Filter>
    </ClInclude>
    <ClInclude Include="SourceCode\Client\MiniGame\MiscellaneousShop2\Inven.h">
      <Filter>소스 파일\2. Client\MiniGame\MiscellaneousShop2</Filter>
    </ClInclude>
    <ClInclude Include="SourceCode\Engine\Common\CommonTemplate.h">
      <Filter>소스 파일\1. Engine\1. Common</Filter>
    </ClInclude>
    <ClInclude Include="SourceCode\Engine\Element\ConsoleSelector.h">
      <Filter>소스 파일\1. Engine\Element</Filter>
    </ClInclude>
    <ClInclude Include="SourceCode\Engine\Element\DoubleConsoleSelector.h">
      <Filter>소스 파일\1. Engine\Element</Filter>
    </ClInclude>
    <ClInclude Include="SourceCode\Client\Element\Scene\DialogTreeScene.h">
      <Filter>소스 파일\2. Client\Element\Scene</Filter>
    </ClInclude>
    <ClInclude Include="SourceCode\Client\MiniGame\DialogTree\DialogNode.h">
      <Filter>소스 파일\2. Client\MiniGame\DialogueTree</Filter>
    </ClInclude>
    <ClInclude Include="SourceCode\Client\MiniGame\DialogTree\DialogTree.h">
      <Filter>소스 파일\2. Client\MiniGame\DialogueTree</Filter>
    </ClInclude>
    <ClInclude Include="SourceCode\Client\MiniGame\DialogTree\TriggerDialogNode.h">
      <Filter>소스 파일\2. Client\MiniGame\DialogueTree</Filter>
    </ClInclude>
    <ClInclude Include="SourceCode\Client\MiniGame\DialogTree\DialogConstant.h">
      <Filter>소스 파일\2. Client\MiniGame\DialogueTree</Filter>
    </ClInclude>
    <ClInclude Include="SourceCode\Engine\Interface\IGameElem.h">
      <Filter>소스 파일\1. Engine\Interface</Filter>
    </ClInclude>
    <ClInclude Include="SourceCode\Engine\Manager\ResourcePathMgr.h">
      <Filter>소스 파일\1. Engine\Manager</Filter>
    </ClInclude>
    <ClInclude Include="SourceCode\Client\MiniGame\MiscellaneousShop2\Phase\PhaseType.h">
      <Filter>소스 파일\2. Client\MiniGame\MiscellaneousShop2\Phase</Filter>
    </ClInclude>
    <ClInclude Include="SourceCode\Engine\Controller\DebugPanelController.h">
      <Filter>소스 파일\1. Engine\Controller</Filter>
    </ClInclude>
    <ClInclude Include="SourceCode\Engine\Element\World.h">
      <Filter>소스 파일\1. Engine\Element</Filter>
    </ClInclude>
    <ClInclude Include="SourceCode\Engine\Element\LevelDesign.h">
      <Filter>소스 파일\1. Engine\Element</Filter>
    </ClInclude>
    <ClInclude Include="SourceCode\Engine\Element\GameObject\DynamicObject.h">
      <Filter>소스 파일\1. Engine\Element\GameObject</Filter>
    </ClInclude>
    <ClInclude Include="SourceCode\Engine\Element\GameObject\GameObject.h">
      <Filter>소스 파일\1. Engine\Element\GameObject</Filter>
    </ClInclude>
    <ClInclude Include="SourceCode\Engine\Element\GameObject\StaticObject.h">
      <Filter>소스 파일\1. Engine\Element\GameObject</Filter>
    </ClInclude>
    <ClInclude Include="SourceCode\Engine\Element\GameObject\GameObjectType.h">
      <Filter>소스 파일\1. Engine\Element\GameObject</Filter>
    </ClInclude>
    <ClInclude Include="SourceCode\Engine\Manager\FileStreamMgr.h">
      <Filter>소스 파일\1. Engine\Manager</Filter>
    </ClInclude>
    <ClInclude Include="SourceCode\Client\MiniGame\BattleSimulator\BattleSimulatorWorld.h">
      <Filter>소스 파일\2. Client\MiniGame\BattleSimulator</Filter>
    </ClInclude>
    <ClInclude Include="SourceCode\Client\MiniGame\BattleSimulator\GameObject\DynamicObject\MedievalKnight.h">
      <Filter>소스 파일\2. Client\MiniGame\BattleSimulator\GameObject\DynamicObject</Filter>
    </ClInclude>
    <ClInclude Include="SourceCode\Client\MiniGame\BattleSimulator\GameObject\DynamicObject\Unit.h">
      <Filter>소스 파일\2. Client\MiniGame\BattleSimulator\GameObject\DynamicObject</Filter>
    </ClInclude>
    <ClInclude Include="SourceCode\Client\MiniGame\BattleSimulator\GameObject\DynamicObject\Viking.h">
      <Filter>소스 파일\2. Client\MiniGame\BattleSimulator\GameObject\DynamicObject</Filter>
    </ClInclude>
    <ClInclude Include="SourceCode\Client\MiniGame\BattleSimulator\GameObject\StaticObject\Wall.h">
      <Filter>소스 파일\2. Client\MiniGame\BattleSimulator\GameObject\StaticObject</Filter>
    </ClInclude>
    <ClInclude Include="SourceCode\Client\Element\Scene\BattleSimulatorEditorScene.h">
      <Filter>소스 파일\2. Client\Element\Scene</Filter>
    </ClInclude>
  </ItemGroup>
</Project>