<?xml version="1.0" encoding="utf-8"?>
<Project ToolsVersion="4.0" xmlns="http://schemas.microsoft.com/developer/msbuild/2003">
  <ItemGroup>
    <Filter Include="Source">
      <UniqueIdentifier>{4FC737F1-C7A5-4376-A066-2A32D752A2FF}</UniqueIdentifier>
      <Extensions>cpp;c;cc;cxx;c++;cppm;ixx;def;odl;idl;hpj;bat;asm;asmx</Extensions>
    </Filter>
    <Filter Include="Source\0_Common">
      <UniqueIdentifier>{cde91b66-44b0-4386-9cb6-a18f17824bea}</UniqueIdentifier>
    </Filter>
    <Filter Include="Source\0_Common\CommonFunction">
      <UniqueIdentifier>{c4f760c0-6063-4197-bb67-d2cf25a10b35}</UniqueIdentifier>
    </Filter>
    <Filter Include="Source\1_Subsystem">
      <UniqueIdentifier>{bc4853fe-a731-4f8f-b709-b07e90f2ea9e}</UniqueIdentifier>
    </Filter>
    <Filter Include="Source\1_Subsystem\ConsoleHandler">
      <UniqueIdentifier>{68ae19a3-65c6-4868-9830-342e7f59075d}</UniqueIdentifier>
    </Filter>
    <Filter Include="Source\1_Subsystem\ErrorHandler">
      <UniqueIdentifier>{c306d93d-9d51-4377-820e-a61a1889861b}</UniqueIdentifier>
    </Filter>
    <Filter Include="Source\1_Subsystem\GameObjectManager">
      <UniqueIdentifier>{5f288e8e-45e1-4a11-acbf-4b9d6dee283a}</UniqueIdentifier>
    </Filter>
    <Filter Include="Source\1_Subsystem\Logger">
      <UniqueIdentifier>{ae82bfaf-a737-4b0c-8836-d4eca4603b37}</UniqueIdentifier>
    </Filter>
    <Filter Include="Source\2_Scene">
      <UniqueIdentifier>{6120b385-5b45-4bf5-939e-52ed929fb6f4}</UniqueIdentifier>
    </Filter>
    <Filter Include="Source\2_Scene\GameObject">
      <UniqueIdentifier>{cae4a0ca-a4b2-47d2-987a-25b27decb1de}</UniqueIdentifier>
    </Filter>
    <Filter Include="Source\3_Utility">
      <UniqueIdentifier>{4cc3dc94-34cf-4d42-b339-ab42d954f212}</UniqueIdentifier>
    </Filter>
    <Filter Include="Source\3_Utility\Time">
      <UniqueIdentifier>{885022f2-2e95-43e5-b442-4577b06298ff}</UniqueIdentifier>
    </Filter>
    <Filter Include="Source\1_Subsystem\FrameManager">
      <UniqueIdentifier>{0b0bcbda-e88c-42cd-a18b-2dce321179de}</UniqueIdentifier>
    </Filter>
    <Filter Include="Source\1_Subsystem\TimeHandler">
      <UniqueIdentifier>{4a819fd7-083d-438a-a6ac-600ba723ac30}</UniqueIdentifier>
    </Filter>
    <Filter Include="Source\1_Subsystem\PathManager">
      <UniqueIdentifier>{15584caa-d9a0-4e55-a8c3-32858f458435}</UniqueIdentifier>
    </Filter>
    <Filter Include="Source\1_Subsystem\FileHandler">
      <UniqueIdentifier>{5892db4d-ab1c-43c0-bf52-40e7df2669ca}</UniqueIdentifier>
    </Filter>
  </ItemGroup>
  <ItemGroup>
    <ClCompile Include="Source\EnginePCH.cpp">
      <Filter>Source</Filter>
    </ClCompile>
    <ClCompile Include="Source\Subsystem\ConsoleHandler\ConsoleHandler.cpp">
      <Filter>Source\1_Subsystem\ConsoleHandler</Filter>
    </ClCompile>
    <ClCompile Include="Source\Subsystem\SubsystemLocator.cpp">
      <Filter>Source\1_Subsystem</Filter>
    </ClCompile>
    <ClCompile Include="Source\Subsystem\Logger\Logger.cpp">
      <Filter>Source\1_Subsystem\Logger</Filter>
    </ClCompile>
    <ClCompile Include="Source\Subsystem\Logger\LogCategory.cpp">
      <Filter>Source\1_Subsystem\Logger</Filter>
    </ClCompile>
    <ClCompile Include="Source\Subsystem\Logger\LogCategoryBase.cpp">
      <Filter>Source\1_Subsystem\Logger</Filter>
    </ClCompile>
    <ClCompile Include="Source\Subsystem\ErrorHandler\ErrorHandler.cpp">
      <Filter>Source\1_Subsystem\ErrorHandler</Filter>
    </ClCompile>
    <ClCompile Include="Source\Subsystem\GameObjectManager\GameObjectManager.cpp">
      <Filter>Source\1_Subsystem\GameObjectManager</Filter>
    </ClCompile>
    <ClCompile Include="Source\Subsystem\ConsoleHandler\DoubleBufferingConsoleHandler.cpp">
      <Filter>Source\1_Subsystem\ConsoleHandler</Filter>
    </ClCompile>
    <ClCompile Include="Source\Scene\GameObject\GameObject.cpp">
      <Filter>Source\2_Scene\GameObject</Filter>
    </ClCompile>
    <ClCompile Include="Source\Utility\Time\Timer.cpp">
      <Filter>Source\3_Utility\Time</Filter>
    </ClCompile>
    <ClCompile Include="Source\Utility\Time\Stopwatch.cpp">
      <Filter>Source\3_Utility\Time</Filter>
    </ClCompile>
    <ClCompile Include="Source\Subsystem\FrameManager\ConstantFrameManager.cpp">
      <Filter>Source\1_Subsystem\FrameManager</Filter>
    </ClCompile>
    <ClCompile Include="Source\Subsystem\TimeHandler\TimeHandler.cpp">
      <Filter>Source\1_Subsystem\TimeHandler</Filter>
    </ClCompile>
    <ClCompile Include="Source\Subsystem\PathManager\PathManager.cpp">
      <Filter>Source\1_Subsystem\PathManager</Filter>
    </ClCompile>
    <ClCompile Include="..\FrameworkPathFinder.cpp" />
    <ClCompile Include="Source\Subsystem\FileHandler\FileHandler.cpp">
      <Filter>Source</Filter>
    </ClCompile>
  </ItemGroup>
  <ItemGroup>
    <ClInclude Include="Source\EnginePCH.h">
      <Filter>Source</Filter>
    </ClInclude>
    <ClInclude Include="Source\Common\CommonMacro.h">
      <Filter>Source\0_Common</Filter>
    </ClInclude>
    <ClInclude Include="Source\Common\CommonInclusion.h">
      <Filter>Source\0_Common</Filter>
    </ClInclude>
    <ClInclude Include="Source\Common\CommonBase.h">
      <Filter>Source\0_Common</Filter>
    </ClInclude>
    <ClInclude Include="Source\Common\CommonType.h">
      <Filter>Source\0_Common</Filter>
    </ClInclude>
    <ClInclude Include="Source\Subsystem\ConsoleHandler\IConsoleHandler.h">
      <Filter>Source\1_Subsystem\ConsoleHandler</Filter>
    </ClInclude>
    <ClInclude Include="Source\Subsystem\ConsoleHandler\ConsoleHandler.h">
      <Filter>Source\1_Subsystem\ConsoleHandler</Filter>
    </ClInclude>
    <ClInclude Include="Source\Subsystem\SubsystemInclusion.h">
      <Filter>Source\1_Subsystem</Filter>
    </ClInclude>
    <ClInclude Include="Source\Subsystem\SubsystemLocator.h">
      <Filter>Source\1_Subsystem</Filter>
    </ClInclude>
    <ClInclude Include="Source\Common\CommonConstant.h">
      <Filter>Source\0_Common</Filter>
    </ClInclude>
    <ClInclude Include="Source\Common\CommonEnum.h">
      <Filter>Source\1_Subsystem\ConsoleHandler</Filter>
    </ClInclude>
    <ClInclude Include="Source\Subsystem\ConsoleHandler\ConsoleEnum.h">
      <Filter>Source\1_Subsystem\ConsoleHandler</Filter>
    </ClInclude>
    <ClInclude Include="Source\Common\CommonInterface.h">
      <Filter>Source\0_Common</Filter>
    </ClInclude>
    <ClInclude Include="Source\Subsystem\Logger\ILogger.h">
      <Filter>Source\1_Subsystem\Logger</Filter>
    </ClInclude>
    <ClInclude Include="Source\Subsystem\Logger\LogCategory.h">
      <Filter>Source\1_Subsystem\Logger</Filter>
    </ClInclude>
    <ClInclude Include="Source\Subsystem\Logger\LogCategoryBase.h">
      <Filter>Source\1_Subsystem\Logger</Filter>
    </ClInclude>
    <ClInclude Include="Source\Subsystem\Logger\LogEnum.h">
      <Filter>Source\1_Subsystem\Logger</Filter>
    </ClInclude>
    <ClInclude Include="Source\Subsystem\Logger\Logger.h">
      <Filter>Source\1_Subsystem\Logger</Filter>
    </ClInclude>
    <ClInclude Include="Source\Subsystem\Logger\LogMacro.h">
      <Filter>Source\1_Subsystem\Logger</Filter>
    </ClInclude>
    <ClInclude Include="Source\Common\CommonFunction\MakeFormatString.hpp">
      <Filter>Source\0_Common\CommonFunction</Filter>
    </ClInclude>
    <ClInclude Include="Source\Subsystem\ErrorHandler\ErrorEnum.h">
      <Filter>Source\1_Subsystem\ErrorHandler</Filter>
    </ClInclude>
    <ClInclude Include="Source\Subsystem\ErrorHandler\ErrorHandler.h">
      <Filter>Source\1_Subsystem\ErrorHandler</Filter>
    </ClInclude>
    <ClInclude Include="Source\Subsystem\ErrorHandler\ErrorMacro.h">
      <Filter>Source\1_Subsystem\ErrorHandler</Filter>
    </ClInclude>
    <ClInclude Include="Source\Subsystem\ErrorHandler\IErrorHandler.h">
      <Filter>Source\1_Subsystem\ErrorHandler</Filter>
    </ClInclude>
    <ClInclude Include="Source\Subsystem\GameObjectManager\GameObjectManager.h">
      <Filter>Source\1_Subsystem\GameObjectManager</Filter>
    </ClInclude>
    <ClInclude Include="Source\Subsystem\GameObjectManager\IGameObjectManager.h">
      <Filter>Source\1_Subsystem\GameObjectManager</Filter>
    </ClInclude>
    <ClInclude Include="Source\Subsystem\SubsystemEnum.h">
      <Filter>Source\1_Subsystem</Filter>
    </ClInclude>
    <ClInclude Include="Source\Subsystem\SubsystemMacro.h">
      <Filter>Source\1_Subsystem</Filter>
    </ClInclude>
    <ClInclude Include="Source\Subsystem\ConsoleHandler\DoubleBufferingConsoleHandler.h">
      <Filter>Source\1_Subsystem\ConsoleHandler</Filter>
    </ClInclude>
    <ClInclude Include="Source\Subsystem\ISubsytem.h">
      <Filter>Source\1_Subsystem</Filter>
    </ClInclude>
    <ClInclude Include="Source\Scene\GameObject\GameObject.h">
      <Filter>Source\2_Scene\GameObject</Filter>
    </ClInclude>
    <ClInclude Include="Source\Utility\Time\Timer.h">
      <Filter>Source\3_Utility\Time</Filter>
    </ClInclude>
    <ClInclude Include="Source\Utility\Time\Stopwatch.h">
      <Filter>Source\3_Utility\Time</Filter>
    </ClInclude>
    <ClInclude Include="Source\Common\CommonFunction\CommonFunction.hpp">
      <Filter>Source\0_Common\CommonFunction</Filter>
    </ClInclude>
    <ClInclude Include="Source\Subsystem\SubsystemData.h">
      <Filter>Source\1_Subsystem</Filter>
    </ClInclude>
    <ClInclude Include="Source\Subsystem\ErrorHandler\ErrorHandlerData.h">
      <Filter>Source\1_Subsystem\ErrorHandler</Filter>
    </ClInclude>
    <ClInclude Include="Source\Subsystem\FrameManager\ConstantFrameManager.h">
      <Filter>Source\1_Subsystem\FrameManager</Filter>
    </ClInclude>
    <ClInclude Include="Source\Subsystem\FrameManager\FrameData.h">
      <Filter>Source\1_Subsystem\FrameManager</Filter>
    </ClInclude>
    <ClInclude Include="Source\Subsystem\FrameManager\IFrameManager.h">
      <Filter>Source\1_Subsystem\FrameManager</Filter>
    </ClInclude>
    <ClInclude Include="Source\Subsystem\FrameManager\FrameMacro.h">
      <Filter>Source\1_Subsystem\FrameManager</Filter>
    </ClInclude>
    <ClInclude Include="Source\Subsystem\TimeHandler\ITimeHandler.h">
      <Filter>Source\1_Subsystem\TimeHandler</Filter>
    </ClInclude>
    <ClInclude Include="Source\Subsystem\TimeHandler\TimeData.h">
      <Filter>Source\1_Subsystem\TimeHandler</Filter>
    </ClInclude>
    <ClInclude Include="Source\Subsystem\TimeHandler\TimeHandler.h">
      <Filter>Source\1_Subsystem\TimeHandler</Filter>
    </ClInclude>
    <ClInclude Include="Source\Subsystem\PathManager\IPathManager.h">
      <Filter>Source\1_Subsystem\PathManager</Filter>
    </ClInclude>
    <ClInclude Include="Source\Subsystem\PathManager\PathManager.h">
      <Filter>Source\1_Subsystem\PathManager</Filter>
    </ClInclude>
    <ClInclude Include="..\FrameworkPathfinder.h" />
    <ClInclude Include="Source\Subsystem\FileHandler\FileEnum.h">
      <Filter>Source\1_Subsystem\FileHandler</Filter>
    </ClInclude>
    <ClInclude Include="Source\Subsystem\FileHandler\FileHandler.h">
      <Filter>Source\1_Subsystem\FileHandler</Filter>
    </ClInclude>
    <ClInclude Include="Source\Subsystem\FileHandler\IFileHandler.h">
      <Filter>Source\1_Subsystem\FileHandler</Filter>
    </ClInclude>
    <ClInclude Include="Source\Subsystem\TimeHandler\TimeEnum.h">
      <Filter>Source\1_Subsystem\TimeHandler</Filter>
    </ClInclude>
    <ClInclude Include="Source\Subsystem\Logger\LoggerData.h" />
  </ItemGroup>
  <ItemGroup>
    <None Include="Source\Subsystem\SubsystemLocator.inl">
      <Filter>Source\1_Subsystem</Filter>
    </None>
  </ItemGroup>
</Project>